// !$*UTF8*$!
{
	archiveVersion = 1;
	classes = {
	};
	objectVersion = 56;
	objects = {

/* Begin PBXBuildFile section */
		4C3C596729BA7AC400CED942 /* SqliteMigrateMultiApp.swift in Sources */ = {isa = PBXBuildFile; fileRef = 4C3C596629BA7AC400CED942 /* SqliteMigrateMultiApp.swift */; };
		4C3C596929BA7AC400CED942 /* ContentView.swift in Sources */ = {isa = PBXBuildFile; fileRef = 4C3C596829BA7AC400CED942 /* ContentView.swift */; };
		4C3C596B29BA7AC400CED942 /* Assets.xcassets in Resources */ = {isa = PBXBuildFile; fileRef = 4C3C596A29BA7AC400CED942 /* Assets.xcassets */; };
		4C3C596F29BA7AC400CED942 /* Preview Assets.xcassets in Resources */ = {isa = PBXBuildFile; fileRef = 4C3C596E29BA7AC400CED942 /* Preview Assets.xcassets */; };
		4C3C597929BA7AC400CED942 /* SqliteMigrateMultiTests.swift in Sources */ = {isa = PBXBuildFile; fileRef = 4C3C597829BA7AC400CED942 /* SqliteMigrateMultiTests.swift */; };
		4C3C598329BA7AC400CED942 /* SqliteMigrateMultiUITests.swift in Sources */ = {isa = PBXBuildFile; fileRef = 4C3C598229BA7AC400CED942 /* SqliteMigrateMultiUITests.swift */; };
		4C3C598529BA7AC400CED942 /* SqliteMigrateMultiUITestsLaunchTests.swift in Sources */ = {isa = PBXBuildFile; fileRef = 4C3C598429BA7AC400CED942 /* SqliteMigrateMultiUITestsLaunchTests.swift */; };
		4C3C59CF29BA7B1900CED942 /* SqliteConnector.swift in Sources */ = {isa = PBXBuildFile; fileRef = 4C3C59CE29BA7B1900CED942 /* SqliteConnector.swift */; };
		4C8A23F029BB085D00C7B1D1 /* SQLiteApi in Frameworks */ = {isa = PBXBuildFile; productRef = 4C8A23EF29BB085D00C7B1D1 /* SQLiteApi */; };
		4C8A23F229BB085D00C7B1D1 /* SQLiteCLib in Frameworks */ = {isa = PBXBuildFile; productRef = 4C8A23F129BB085D00C7B1D1 /* SQLiteCLib */; };
		4C8A23F429BB085D00C7B1D1 /* SQLiteFramework in Frameworks */ = {isa = PBXBuildFile; productRef = 4C8A23F329BB085D00C7B1D1 /* SQLiteFramework */; };
		4C8A23F629BB085D00C7B1D1 /* SQLiteManager in Frameworks */ = {isa = PBXBuildFile; productRef = 4C8A23F529BB085D00C7B1D1 /* SQLiteManager */; };
/* End PBXBuildFile section */

/* Begin PBXContainerItemProxy section */
		4C3C597529BA7AC400CED942 /* PBXContainerItemProxy */ = {
			isa = PBXContainerItemProxy;
			containerPortal = 4C3C595B29BA7AC400CED942 /* Project object */;
			proxyType = 1;
			remoteGlobalIDString = 4C3C596229BA7AC400CED942;
			remoteInfo = SqliteMigrateMulti;
		};
		4C3C597F29BA7AC400CED942 /* PBXContainerItemProxy */ = {
			isa = PBXContainerItemProxy;
			containerPortal = 4C3C595B29BA7AC400CED942 /* Project object */;
			proxyType = 1;
			remoteGlobalIDString = 4C3C596229BA7AC400CED942;
			remoteInfo = SqliteMigrateMulti;
		};
/* End PBXContainerItemProxy section */

/* Begin PBXFileReference section */
		4C3C596329BA7AC400CED942 /* SqliteMigrateMulti.app */ = {isa = PBXFileReference; explicitFileType = wrapper.application; includeInIndex = 0; path = SqliteMigrateMulti.app; sourceTree = BUILT_PRODUCTS_DIR; };
		4C3C596629BA7AC400CED942 /* SqliteMigrateMultiApp.swift */ = {isa = PBXFileReference; lastKnownFileType = sourcecode.swift; path = SqliteMigrateMultiApp.swift; sourceTree = "<group>"; };
		4C3C596829BA7AC400CED942 /* ContentView.swift */ = {isa = PBXFileReference; lastKnownFileType = sourcecode.swift; path = ContentView.swift; sourceTree = "<group>"; };
		4C3C596A29BA7AC400CED942 /* Assets.xcassets */ = {isa = PBXFileReference; lastKnownFileType = folder.assetcatalog; path = Assets.xcassets; sourceTree = "<group>"; };
		4C3C596C29BA7AC400CED942 /* SqliteMigrateMulti.entitlements */ = {isa = PBXFileReference; lastKnownFileType = text.plist.entitlements; path = SqliteMigrateMulti.entitlements; sourceTree = "<group>"; };
		4C3C596E29BA7AC400CED942 /* Preview Assets.xcassets */ = {isa = PBXFileReference; lastKnownFileType = folder.assetcatalog; path = "Preview Assets.xcassets"; sourceTree = "<group>"; };
		4C3C597429BA7AC400CED942 /* SqliteMigrateMultiTests.xctest */ = {isa = PBXFileReference; explicitFileType = wrapper.cfbundle; includeInIndex = 0; path = SqliteMigrateMultiTests.xctest; sourceTree = BUILT_PRODUCTS_DIR; };
		4C3C597829BA7AC400CED942 /* SqliteMigrateMultiTests.swift */ = {isa = PBXFileReference; lastKnownFileType = sourcecode.swift; path = SqliteMigrateMultiTests.swift; sourceTree = "<group>"; };
		4C3C597E29BA7AC400CED942 /* SqliteMigrateMultiUITests.xctest */ = {isa = PBXFileReference; explicitFileType = wrapper.cfbundle; includeInIndex = 0; path = SqliteMigrateMultiUITests.xctest; sourceTree = BUILT_PRODUCTS_DIR; };
		4C3C598229BA7AC400CED942 /* SqliteMigrateMultiUITests.swift */ = {isa = PBXFileReference; lastKnownFileType = sourcecode.swift; path = SqliteMigrateMultiUITests.swift; sourceTree = "<group>"; };
		4C3C598429BA7AC400CED942 /* SqliteMigrateMultiUITestsLaunchTests.swift */ = {isa = PBXFileReference; lastKnownFileType = sourcecode.swift; path = SqliteMigrateMultiUITestsLaunchTests.swift; sourceTree = "<group>"; };
		4C3C59CE29BA7B1900CED942 /* SqliteConnector.swift */ = {isa = PBXFileReference; lastKnownFileType = sourcecode.swift; path = SqliteConnector.swift; sourceTree = "<group>"; };
		4C8A23EB29BB073800C7B1D1 /* SQLiteCLib */ = {isa = PBXFileReference; lastKnownFileType = wrapper; name = SQLiteCLib; path = ../Packages/SQLiteCLib; sourceTree = "<group>"; };
		4C8A23EC29BB076400C7B1D1 /* SQLiteFramework */ = {isa = PBXFileReference; lastKnownFileType = wrapper; name = SQLiteFramework; path = ../Packages/SQLiteFramework; sourceTree = "<group>"; };
		4C8A23ED29BB078100C7B1D1 /* SQLiteApi */ = {isa = PBXFileReference; lastKnownFileType = wrapper; name = SQLiteApi; path = ../Packages/SQLiteApi; sourceTree = "<group>"; };
		4C8A23EE29BB079300C7B1D1 /* SQLiteManager */ = {isa = PBXFileReference; lastKnownFileType = wrapper; name = SQLiteManager; path = ../Packages/SQLiteManager; sourceTree = "<group>"; };
/* End PBXFileReference section */

/* Begin PBXFrameworksBuildPhase section */
		4C3C596029BA7AC400CED942 /* Frameworks */ = {
			isa = PBXFrameworksBuildPhase;
			buildActionMask = 2147483647;
			files = (
				4C8A23F429BB085D00C7B1D1 /* SQLiteFramework in Frameworks */,
				4C8A23F229BB085D00C7B1D1 /* SQLiteCLib in Frameworks */,
				4C8A23F629BB085D00C7B1D1 /* SQLiteManager in Frameworks */,
				4C8A23F029BB085D00C7B1D1 /* SQLiteApi in Frameworks */,
			);
			runOnlyForDeploymentPostprocessing = 0;
		};
		4C3C597129BA7AC400CED942 /* Frameworks */ = {
			isa = PBXFrameworksBuildPhase;
			buildActionMask = 2147483647;
			files = (
			);
			runOnlyForDeploymentPostprocessing = 0;
		};
		4C3C597B29BA7AC400CED942 /* Frameworks */ = {
			isa = PBXFrameworksBuildPhase;
			buildActionMask = 2147483647;
			files = (
			);
			runOnlyForDeploymentPostprocessing = 0;
		};
/* End PBXFrameworksBuildPhase section */

/* Begin PBXGroup section */
		4C3C595A29BA7AC400CED942 = {
			isa = PBXGroup;
			children = (
				4CA17D4829BADDDB00580B70 /* Packages */,
				4C3C596529BA7AC400CED942 /* SqliteMigrateMulti */,
				4C3C597729BA7AC400CED942 /* SqliteMigrateMultiTests */,
				4C3C598129BA7AC400CED942 /* SqliteMigrateMultiUITests */,
				4C3C596429BA7AC400CED942 /* Products */,
				4CA17D4A29BADF6200580B70 /* Frameworks */,
			);
			sourceTree = "<group>";
		};
		4C3C596429BA7AC400CED942 /* Products */ = {
			isa = PBXGroup;
			children = (
				4C3C596329BA7AC400CED942 /* SqliteMigrateMulti.app */,
				4C3C597429BA7AC400CED942 /* SqliteMigrateMultiTests.xctest */,
				4C3C597E29BA7AC400CED942 /* SqliteMigrateMultiUITests.xctest */,
			);
			name = Products;
			sourceTree = "<group>";
		};
		4C3C596529BA7AC400CED942 /* SqliteMigrateMulti */ = {
			isa = PBXGroup;
			children = (
				4C3C596629BA7AC400CED942 /* SqliteMigrateMultiApp.swift */,
				4C3C596829BA7AC400CED942 /* ContentView.swift */,
				4C3C59CD29BA7B0400CED942 /* Sqlite */,
				4C3C596A29BA7AC400CED942 /* Assets.xcassets */,
				4C3C596C29BA7AC400CED942 /* SqliteMigrateMulti.entitlements */,
				4C3C596D29BA7AC400CED942 /* Preview Content */,
			);
			path = SqliteMigrateMulti;
			sourceTree = "<group>";
		};
		4C3C596D29BA7AC400CED942 /* Preview Content */ = {
			isa = PBXGroup;
			children = (
				4C3C596E29BA7AC400CED942 /* Preview Assets.xcassets */,
			);
			path = "Preview Content";
			sourceTree = "<group>";
		};
		4C3C597729BA7AC400CED942 /* SqliteMigrateMultiTests */ = {
			isa = PBXGroup;
			children = (
				4C3C597829BA7AC400CED942 /* SqliteMigrateMultiTests.swift */,
			);
			path = SqliteMigrateMultiTests;
			sourceTree = "<group>";
		};
		4C3C598129BA7AC400CED942 /* SqliteMigrateMultiUITests */ = {
			isa = PBXGroup;
			children = (
				4C3C598229BA7AC400CED942 /* SqliteMigrateMultiUITests.swift */,
				4C3C598429BA7AC400CED942 /* SqliteMigrateMultiUITestsLaunchTests.swift */,
			);
			path = SqliteMigrateMultiUITests;
			sourceTree = "<group>";
		};
		4C3C59CD29BA7B0400CED942 /* Sqlite */ = {
			isa = PBXGroup;
			children = (
				4C3C59CE29BA7B1900CED942 /* SqliteConnector.swift */,
			);
			path = Sqlite;
			sourceTree = "<group>";
		};
		4CA17D4829BADDDB00580B70 /* Packages */ = {
			isa = PBXGroup;
			children = (
				4C8A23EB29BB073800C7B1D1 /* SQLiteCLib */,
				4C8A23EC29BB076400C7B1D1 /* SQLiteFramework */,
				4C8A23ED29BB078100C7B1D1 /* SQLiteApi */,
				4C8A23EE29BB079300C7B1D1 /* SQLiteManager */,
			);
			name = Packages;
			sourceTree = "<group>";
		};
		4CA17D4A29BADF6200580B70 /* Frameworks */ = {
			isa = PBXGroup;
			children = (
			);
			name = Frameworks;
			sourceTree = "<group>";
		};
/* End PBXGroup section */

/* Begin PBXNativeTarget section */
		4C3C596229BA7AC400CED942 /* SqliteMigrateMulti */ = {
			isa = PBXNativeTarget;
			buildConfigurationList = 4C3C598829BA7AC400CED942 /* Build configuration list for PBXNativeTarget "SqliteMigrateMulti" */;
			buildPhases = (
				4C3C595F29BA7AC400CED942 /* Sources */,
				4C3C596029BA7AC400CED942 /* Frameworks */,
				4C3C596129BA7AC400CED942 /* Resources */,
			);
			buildRules = (
			);
			dependencies = (
			);
			name = SqliteMigrateMulti;
			packageProductDependencies = (
				4C8A23EF29BB085D00C7B1D1 /* SQLiteApi */,
				4C8A23F129BB085D00C7B1D1 /* SQLiteCLib */,
				4C8A23F329BB085D00C7B1D1 /* SQLiteFramework */,
				4C8A23F529BB085D00C7B1D1 /* SQLiteManager */,
			);
			productName = SqliteMigrateMulti;
			productReference = 4C3C596329BA7AC400CED942 /* SqliteMigrateMulti.app */;
			productType = "com.apple.product-type.application";
		};
		4C3C597329BA7AC400CED942 /* SqliteMigrateMultiTests */ = {
			isa = PBXNativeTarget;
			buildConfigurationList = 4C3C598B29BA7AC400CED942 /* Build configuration list for PBXNativeTarget "SqliteMigrateMultiTests" */;
			buildPhases = (
				4C3C597029BA7AC400CED942 /* Sources */,
				4C3C597129BA7AC400CED942 /* Frameworks */,
				4C3C597229BA7AC400CED942 /* Resources */,
			);
			buildRules = (
			);
			dependencies = (
				4C3C597629BA7AC400CED942 /* PBXTargetDependency */,
			);
			name = SqliteMigrateMultiTests;
			productName = SqliteMigrateMultiTests;
			productReference = 4C3C597429BA7AC400CED942 /* SqliteMigrateMultiTests.xctest */;
			productType = "com.apple.product-type.bundle.unit-test";
		};
		4C3C597D29BA7AC400CED942 /* SqliteMigrateMultiUITests */ = {
			isa = PBXNativeTarget;
			buildConfigurationList = 4C3C598E29BA7AC400CED942 /* Build configuration list for PBXNativeTarget "SqliteMigrateMultiUITests" */;
			buildPhases = (
				4C3C597A29BA7AC400CED942 /* Sources */,
				4C3C597B29BA7AC400CED942 /* Frameworks */,
				4C3C597C29BA7AC400CED942 /* Resources */,
			);
			buildRules = (
			);
			dependencies = (
				4C3C598029BA7AC400CED942 /* PBXTargetDependency */,
			);
			name = SqliteMigrateMultiUITests;
			productName = SqliteMigrateMultiUITests;
			productReference = 4C3C597E29BA7AC400CED942 /* SqliteMigrateMultiUITests.xctest */;
			productType = "com.apple.product-type.bundle.ui-testing";
		};
/* End PBXNativeTarget section */

/* Begin PBXProject section */
		4C3C595B29BA7AC400CED942 /* Project object */ = {
			isa = PBXProject;
			attributes = {
				BuildIndependentTargetsInParallel = 1;
				LastSwiftUpdateCheck = 1420;
				LastUpgradeCheck = 1420;
				TargetAttributes = {
					4C3C596229BA7AC400CED942 = {
						CreatedOnToolsVersion = 14.2;
					};
					4C3C597329BA7AC400CED942 = {
						CreatedOnToolsVersion = 14.2;
						TestTargetID = 4C3C596229BA7AC400CED942;
					};
					4C3C597D29BA7AC400CED942 = {
						CreatedOnToolsVersion = 14.2;
						TestTargetID = 4C3C596229BA7AC400CED942;
					};
				};
			};
			buildConfigurationList = 4C3C595E29BA7AC400CED942 /* Build configuration list for PBXProject "SqliteMigrateMulti" */;
			compatibilityVersion = "Xcode 14.0";
			developmentRegion = en;
			hasScannedForEncodings = 0;
			knownRegions = (
				en,
				Base,
			);
			mainGroup = 4C3C595A29BA7AC400CED942;
			productRefGroup = 4C3C596429BA7AC400CED942 /* Products */;
			projectDirPath = "";
			projectRoot = "";
			targets = (
				4C3C596229BA7AC400CED942 /* SqliteMigrateMulti */,
				4C3C597329BA7AC400CED942 /* SqliteMigrateMultiTests */,
				4C3C597D29BA7AC400CED942 /* SqliteMigrateMultiUITests */,
			);
		};
/* End PBXProject section */

/* Begin PBXResourcesBuildPhase section */
		4C3C596129BA7AC400CED942 /* Resources */ = {
			isa = PBXResourcesBuildPhase;
			buildActionMask = 2147483647;
			files = (
				4C3C596F29BA7AC400CED942 /* Preview Assets.xcassets in Resources */,
				4C3C596B29BA7AC400CED942 /* Assets.xcassets in Resources */,
			);
			runOnlyForDeploymentPostprocessing = 0;
		};
		4C3C597229BA7AC400CED942 /* Resources */ = {
			isa = PBXResourcesBuildPhase;
			buildActionMask = 2147483647;
			files = (
			);
			runOnlyForDeploymentPostprocessing = 0;
		};
		4C3C597C29BA7AC400CED942 /* Resources */ = {
			isa = PBXResourcesBuildPhase;
			buildActionMask = 2147483647;
			files = (
			);
			runOnlyForDeploymentPostprocessing = 0;
		};
/* End PBXResourcesBuildPhase section */

/* Begin PBXSourcesBuildPhase section */
		4C3C595F29BA7AC400CED942 /* Sources */ = {
			isa = PBXSourcesBuildPhase;
			buildActionMask = 2147483647;
			files = (
				4C3C59CF29BA7B1900CED942 /* SqliteConnector.swift in Sources */,
				4C3C596929BA7AC400CED942 /* ContentView.swift in Sources */,
				4C3C596729BA7AC400CED942 /* SqliteMigrateMultiApp.swift in Sources */,
			);
			runOnlyForDeploymentPostprocessing = 0;
		};
		4C3C597029BA7AC400CED942 /* Sources */ = {
			isa = PBXSourcesBuildPhase;
			buildActionMask = 2147483647;
			files = (
				4C3C597929BA7AC400CED942 /* SqliteMigrateMultiTests.swift in Sources */,
			);
			runOnlyForDeploymentPostprocessing = 0;
		};
		4C3C597A29BA7AC400CED942 /* Sources */ = {
			isa = PBXSourcesBuildPhase;
			buildActionMask = 2147483647;
			files = (
				4C3C598529BA7AC400CED942 /* SqliteMigrateMultiUITestsLaunchTests.swift in Sources */,
				4C3C598329BA7AC400CED942 /* SqliteMigrateMultiUITests.swift in Sources */,
			);
			runOnlyForDeploymentPostprocessing = 0;
		};
/* End PBXSourcesBuildPhase section */

/* Begin PBXTargetDependency section */
		4C3C597629BA7AC400CED942 /* PBXTargetDependency */ = {
			isa = PBXTargetDependency;
			target = 4C3C596229BA7AC400CED942 /* SqliteMigrateMulti */;
			targetProxy = 4C3C597529BA7AC400CED942 /* PBXContainerItemProxy */;
		};
		4C3C598029BA7AC400CED942 /* PBXTargetDependency */ = {
			isa = PBXTargetDependency;
			target = 4C3C596229BA7AC400CED942 /* SqliteMigrateMulti */;
			targetProxy = 4C3C597F29BA7AC400CED942 /* PBXContainerItemProxy */;
		};
/* End PBXTargetDependency section */

/* Begin XCBuildConfiguration section */
		4C3C598629BA7AC400CED942 /* Debug */ = {
			isa = XCBuildConfiguration;
			buildSettings = {
				ALWAYS_SEARCH_USER_PATHS = NO;
				CLANG_ANALYZER_NONNULL = YES;
				CLANG_ANALYZER_NUMBER_OBJECT_CONVERSION = YES_AGGRESSIVE;
				CLANG_CXX_LANGUAGE_STANDARD = "gnu++20";
				CLANG_ENABLE_MODULES = YES;
				CLANG_ENABLE_OBJC_ARC = YES;
				CLANG_ENABLE_OBJC_WEAK = YES;
				CLANG_WARN_BLOCK_CAPTURE_AUTORELEASING = YES;
				CLANG_WARN_BOOL_CONVERSION = YES;
				CLANG_WARN_COMMA = YES;
				CLANG_WARN_CONSTANT_CONVERSION = YES;
				CLANG_WARN_DEPRECATED_OBJC_IMPLEMENTATIONS = YES;
				CLANG_WARN_DIRECT_OBJC_ISA_USAGE = YES_ERROR;
				CLANG_WARN_DOCUMENTATION_COMMENTS = YES;
				CLANG_WARN_EMPTY_BODY = YES;
				CLANG_WARN_ENUM_CONVERSION = YES;
				CLANG_WARN_INFINITE_RECURSION = YES;
				CLANG_WARN_INT_CONVERSION = YES;
				CLANG_WARN_NON_LITERAL_NULL_CONVERSION = YES;
				CLANG_WARN_OBJC_IMPLICIT_RETAIN_SELF = YES;
				CLANG_WARN_OBJC_LITERAL_CONVERSION = YES;
				CLANG_WARN_OBJC_ROOT_CLASS = YES_ERROR;
				CLANG_WARN_QUOTED_INCLUDE_IN_FRAMEWORK_HEADER = YES;
				CLANG_WARN_RANGE_LOOP_ANALYSIS = YES;
				CLANG_WARN_STRICT_PROTOTYPES = YES;
				CLANG_WARN_SUSPICIOUS_MOVE = YES;
				CLANG_WARN_UNGUARDED_AVAILABILITY = YES_AGGRESSIVE;
				CLANG_WARN_UNREACHABLE_CODE = YES;
				CLANG_WARN__DUPLICATE_METHOD_MATCH = YES;
				COPY_PHASE_STRIP = NO;
				DEBUG_INFORMATION_FORMAT = dwarf;
				ENABLE_STRICT_OBJC_MSGSEND = YES;
				ENABLE_TESTABILITY = YES;
				GCC_C_LANGUAGE_STANDARD = gnu11;
				GCC_DYNAMIC_NO_PIC = NO;
				GCC_NO_COMMON_BLOCKS = YES;
				GCC_OPTIMIZATION_LEVEL = 0;
				GCC_PREPROCESSOR_DEFINITIONS = (
					"DEBUG=1",
					"$(inherited)",
				);
				GCC_WARN_64_TO_32_BIT_CONVERSION = YES;
				GCC_WARN_ABOUT_RETURN_TYPE = YES_ERROR;
				GCC_WARN_UNDECLARED_SELECTOR = YES;
				GCC_WARN_UNINITIALIZED_AUTOS = YES_AGGRESSIVE;
				GCC_WARN_UNUSED_FUNCTION = YES;
				GCC_WARN_UNUSED_VARIABLE = YES;
				MTL_ENABLE_DEBUG_INFO = INCLUDE_SOURCE;
				MTL_FAST_MATH = YES;
				ONLY_ACTIVE_ARCH = YES;
				SWIFT_ACTIVE_COMPILATION_CONDITIONS = DEBUG;
				SWIFT_OPTIMIZATION_LEVEL = "-Onone";
			};
			name = Debug;
		};
		4C3C598729BA7AC400CED942 /* Release */ = {
			isa = XCBuildConfiguration;
			buildSettings = {
				ALWAYS_SEARCH_USER_PATHS = NO;
				CLANG_ANALYZER_NONNULL = YES;
				CLANG_ANALYZER_NUMBER_OBJECT_CONVERSION = YES_AGGRESSIVE;
				CLANG_CXX_LANGUAGE_STANDARD = "gnu++20";
				CLANG_ENABLE_MODULES = YES;
				CLANG_ENABLE_OBJC_ARC = YES;
				CLANG_ENABLE_OBJC_WEAK = YES;
				CLANG_WARN_BLOCK_CAPTURE_AUTORELEASING = YES;
				CLANG_WARN_BOOL_CONVERSION = YES;
				CLANG_WARN_COMMA = YES;
				CLANG_WARN_CONSTANT_CONVERSION = YES;
				CLANG_WARN_DEPRECATED_OBJC_IMPLEMENTATIONS = YES;
				CLANG_WARN_DIRECT_OBJC_ISA_USAGE = YES_ERROR;
				CLANG_WARN_DOCUMENTATION_COMMENTS = YES;
				CLANG_WARN_EMPTY_BODY = YES;
				CLANG_WARN_ENUM_CONVERSION = YES;
				CLANG_WARN_INFINITE_RECURSION = YES;
				CLANG_WARN_INT_CONVERSION = YES;
				CLANG_WARN_NON_LITERAL_NULL_CONVERSION = YES;
				CLANG_WARN_OBJC_IMPLICIT_RETAIN_SELF = YES;
				CLANG_WARN_OBJC_LITERAL_CONVERSION = YES;
				CLANG_WARN_OBJC_ROOT_CLASS = YES_ERROR;
				CLANG_WARN_QUOTED_INCLUDE_IN_FRAMEWORK_HEADER = YES;
				CLANG_WARN_RANGE_LOOP_ANALYSIS = YES;
				CLANG_WARN_STRICT_PROTOTYPES = YES;
				CLANG_WARN_SUSPICIOUS_MOVE = YES;
				CLANG_WARN_UNGUARDED_AVAILABILITY = YES_AGGRESSIVE;
				CLANG_WARN_UNREACHABLE_CODE = YES;
				CLANG_WARN__DUPLICATE_METHOD_MATCH = YES;
				COPY_PHASE_STRIP = NO;
				DEBUG_INFORMATION_FORMAT = "dwarf-with-dsym";
				ENABLE_NS_ASSERTIONS = NO;
				ENABLE_STRICT_OBJC_MSGSEND = YES;
				GCC_C_LANGUAGE_STANDARD = gnu11;
				GCC_NO_COMMON_BLOCKS = YES;
				GCC_WARN_64_TO_32_BIT_CONVERSION = YES;
				GCC_WARN_ABOUT_RETURN_TYPE = YES_ERROR;
				GCC_WARN_UNDECLARED_SELECTOR = YES;
				GCC_WARN_UNINITIALIZED_AUTOS = YES_AGGRESSIVE;
				GCC_WARN_UNUSED_FUNCTION = YES;
				GCC_WARN_UNUSED_VARIABLE = YES;
				MTL_ENABLE_DEBUG_INFO = NO;
				MTL_FAST_MATH = YES;
				SWIFT_COMPILATION_MODE = wholemodule;
				SWIFT_OPTIMIZATION_LEVEL = "-O";
			};
			name = Release;
		};
		4C3C598929BA7AC400CED942 /* Debug */ = {
			isa = XCBuildConfiguration;
			buildSettings = {
				ASSETCATALOG_COMPILER_APPICON_NAME = AppIcon;
				ASSETCATALOG_COMPILER_GLOBAL_ACCENT_COLOR_NAME = AccentColor;
				CODE_SIGN_ENTITLEMENTS = SqliteMigrateMulti/SqliteMigrateMulti.entitlements;
				CODE_SIGN_STYLE = Automatic;
				CURRENT_PROJECT_VERSION = 1;
				DEVELOPMENT_ASSET_PATHS = "\"SqliteMigrateMulti/Preview Content\"";
				DEVELOPMENT_TEAM = 2MG57YUZL5;
				ENABLE_HARDENED_RUNTIME = YES;
				ENABLE_PREVIEWS = YES;
				GENERATE_INFOPLIST_FILE = YES;
				"INFOPLIST_KEY_UIApplicationSceneManifest_Generation[sdk=iphoneos*]" = YES;
				"INFOPLIST_KEY_UIApplicationSceneManifest_Generation[sdk=iphonesimulator*]" = YES;
				"INFOPLIST_KEY_UIApplicationSupportsIndirectInputEvents[sdk=iphoneos*]" = YES;
				"INFOPLIST_KEY_UIApplicationSupportsIndirectInputEvents[sdk=iphonesimulator*]" = YES;
				"INFOPLIST_KEY_UILaunchScreen_Generation[sdk=iphoneos*]" = YES;
				"INFOPLIST_KEY_UILaunchScreen_Generation[sdk=iphonesimulator*]" = YES;
				"INFOPLIST_KEY_UIStatusBarStyle[sdk=iphoneos*]" = UIStatusBarStyleDefault;
				"INFOPLIST_KEY_UIStatusBarStyle[sdk=iphonesimulator*]" = UIStatusBarStyleDefault;
				INFOPLIST_KEY_UISupportedInterfaceOrientations_iPad = "UIInterfaceOrientationPortrait UIInterfaceOrientationPortraitUpsideDown UIInterfaceOrientationLandscapeLeft UIInterfaceOrientationLandscapeRight";
				INFOPLIST_KEY_UISupportedInterfaceOrientations_iPhone = "UIInterfaceOrientationPortrait UIInterfaceOrientationLandscapeLeft UIInterfaceOrientationLandscapeRight";
				IPHONEOS_DEPLOYMENT_TARGET = 16.2;
				LD_RUNPATH_SEARCH_PATHS = "@executable_path/Frameworks";
				"LD_RUNPATH_SEARCH_PATHS[sdk=macosx*]" = "@executable_path/../Frameworks";
				MACOSX_DEPLOYMENT_TARGET = 13.1;
				MARKETING_VERSION = 1.0;
				PRODUCT_BUNDLE_IDENTIFIER = com.nutritionfacts.sqlite.SqliteMigrateMulti;
				PRODUCT_NAME = "$(TARGET_NAME)";
				SDKROOT = auto;
				SUPPORTED_PLATFORMS = "iphoneos iphonesimulator macosx";
				SWIFT_EMIT_LOC_STRINGS = YES;
				SWIFT_VERSION = 5.0;
				TARGETED_DEVICE_FAMILY = "1,2";
			};
			name = Debug;
		};
		4C3C598A29BA7AC400CED942 /* Release */ = {
			isa = XCBuildConfiguration;
			buildSettings = {
				ASSETCATALOG_COMPILER_APPICON_NAME = AppIcon;
				ASSETCATALOG_COMPILER_GLOBAL_ACCENT_COLOR_NAME = AccentColor;
				CODE_SIGN_ENTITLEMENTS = SqliteMigrateMulti/SqliteMigrateMulti.entitlements;
				CODE_SIGN_STYLE = Automatic;
				CURRENT_PROJECT_VERSION = 1;
				DEVELOPMENT_ASSET_PATHS = "\"SqliteMigrateMulti/Preview Content\"";
				DEVELOPMENT_TEAM = 2MG57YUZL5;
				ENABLE_HARDENED_RUNTIME = YES;
				ENABLE_PREVIEWS = YES;
				GENERATE_INFOPLIST_FILE = YES;
				"INFOPLIST_KEY_UIApplicationSceneManifest_Generation[sdk=iphoneos*]" = YES;
				"INFOPLIST_KEY_UIApplicationSceneManifest_Generation[sdk=iphonesimulator*]" = YES;
				"INFOPLIST_KEY_UIApplicationSupportsIndirectInputEvents[sdk=iphoneos*]" = YES;
				"INFOPLIST_KEY_UIApplicationSupportsIndirectInputEvents[sdk=iphonesimulator*]" = YES;
				"INFOPLIST_KEY_UILaunchScreen_Generation[sdk=iphoneos*]" = YES;
				"INFOPLIST_KEY_UILaunchScreen_Generation[sdk=iphonesimulator*]" = YES;
				"INFOPLIST_KEY_UIStatusBarStyle[sdk=iphoneos*]" = UIStatusBarStyleDefault;
				"INFOPLIST_KEY_UIStatusBarStyle[sdk=iphonesimulator*]" = UIStatusBarStyleDefault;
				INFOPLIST_KEY_UISupportedInterfaceOrientations_iPad = "UIInterfaceOrientationPortrait UIInterfaceOrientationPortraitUpsideDown UIInterfaceOrientationLandscapeLeft UIInterfaceOrientationLandscapeRight";
				INFOPLIST_KEY_UISupportedInterfaceOrientations_iPhone = "UIInterfaceOrientationPortrait UIInterfaceOrientationLandscapeLeft UIInterfaceOrientationLandscapeRight";
				IPHONEOS_DEPLOYMENT_TARGET = 16.2;
				LD_RUNPATH_SEARCH_PATHS = "@executable_path/Frameworks";
				"LD_RUNPATH_SEARCH_PATHS[sdk=macosx*]" = "@executable_path/../Frameworks";
				MACOSX_DEPLOYMENT_TARGET = 13.1;
				MARKETING_VERSION = 1.0;
				PRODUCT_BUNDLE_IDENTIFIER = com.nutritionfacts.sqlite.SqliteMigrateMulti;
				PRODUCT_NAME = "$(TARGET_NAME)";
				SDKROOT = auto;
				SUPPORTED_PLATFORMS = "iphoneos iphonesimulator macosx";
				SWIFT_EMIT_LOC_STRINGS = YES;
				SWIFT_VERSION = 5.0;
				TARGETED_DEVICE_FAMILY = "1,2";
			};
			name = Release;
		};
		4C3C598C29BA7AC400CED942 /* Debug */ = {
			isa = XCBuildConfiguration;
			buildSettings = {
				ALWAYS_EMBED_SWIFT_STANDARD_LIBRARIES = YES;
				BUNDLE_LOADER = "$(TEST_HOST)";
				CODE_SIGN_STYLE = Automatic;
				CURRENT_PROJECT_VERSION = 1;
				DEVELOPMENT_TEAM = 2MG57YUZL5;
				GENERATE_INFOPLIST_FILE = YES;
				IPHONEOS_DEPLOYMENT_TARGET = 16.2;
				MACOSX_DEPLOYMENT_TARGET = 13.1;
				MARKETING_VERSION = 1.0;
				PRODUCT_BUNDLE_IDENTIFIER = com.nutritionfacts.sqlite.SqliteMigrateMultiTests;
				PRODUCT_NAME = "$(TARGET_NAME)";
				SDKROOT = auto;
				SUPPORTED_PLATFORMS = "iphoneos iphonesimulator macosx";
				SWIFT_EMIT_LOC_STRINGS = NO;
				SWIFT_VERSION = 5.0;
				TARGETED_DEVICE_FAMILY = "1,2";
				TEST_HOST = "$(BUILT_PRODUCTS_DIR)/SqliteMigrateMulti.app/$(BUNDLE_EXECUTABLE_FOLDER_PATH)/SqliteMigrateMulti";
			};
			name = Debug;
		};
		4C3C598D29BA7AC400CED942 /* Release */ = {
			isa = XCBuildConfiguration;
			buildSettings = {
				ALWAYS_EMBED_SWIFT_STANDARD_LIBRARIES = YES;
				BUNDLE_LOADER = "$(TEST_HOST)";
				CODE_SIGN_STYLE = Automatic;
				CURRENT_PROJECT_VERSION = 1;
				DEVELOPMENT_TEAM = 2MG57YUZL5;
				GENERATE_INFOPLIST_FILE = YES;
				IPHONEOS_DEPLOYMENT_TARGET = 16.2;
				MACOSX_DEPLOYMENT_TARGET = 13.1;
				MARKETING_VERSION = 1.0;
				PRODUCT_BUNDLE_IDENTIFIER = com.nutritionfacts.sqlite.SqliteMigrateMultiTests;
				PRODUCT_NAME = "$(TARGET_NAME)";
				SDKROOT = auto;
				SUPPORTED_PLATFORMS = "iphoneos iphonesimulator macosx";
				SWIFT_EMIT_LOC_STRINGS = NO;
				SWIFT_VERSION = 5.0;
				TARGETED_DEVICE_FAMILY = "1,2";
				TEST_HOST = "$(BUILT_PRODUCTS_DIR)/SqliteMigrateMulti.app/$(BUNDLE_EXECUTABLE_FOLDER_PATH)/SqliteMigrateMulti";
			};
			name = Release;
		};
		4C3C598F29BA7AC400CED942 /* Debug */ = {
			isa = XCBuildConfiguration;
			buildSettings = {
				ALWAYS_EMBED_SWIFT_STANDARD_LIBRARIES = YES;
				CODE_SIGN_STYLE = Automatic;
				CURRENT_PROJECT_VERSION = 1;
				DEVELOPMENT_TEAM = 2MG57YUZL5;
				GENERATE_INFOPLIST_FILE = YES;
				IPHONEOS_DEPLOYMENT_TARGET = 16.2;
				MACOSX_DEPLOYMENT_TARGET = 13.1;
				MARKETING_VERSION = 1.0;
				PRODUCT_BUNDLE_IDENTIFIER = com.nutritionfacts.sqlite.SqliteMigrateMultiUITests;
				PRODUCT_NAME = "$(TARGET_NAME)";
				SDKROOT = auto;
				SUPPORTED_PLATFORMS = "iphoneos iphonesimulator macosx";
				SWIFT_EMIT_LOC_STRINGS = NO;
				SWIFT_VERSION = 5.0;
				TARGETED_DEVICE_FAMILY = "1,2";
				TEST_TARGET_NAME = SqliteMigrateMulti;
			};
			name = Debug;
		};
		4C3C599029BA7AC400CED942 /* Release */ = {
			isa = XCBuildConfiguration;
			buildSettings = {
				ALWAYS_EMBED_SWIFT_STANDARD_LIBRARIES = YES;
				CODE_SIGN_STYLE = Automatic;
				CURRENT_PROJECT_VERSION = 1;
				DEVELOPMENT_TEAM = 2MG57YUZL5;
				GENERATE_INFOPLIST_FILE = YES;
				IPHONEOS_DEPLOYMENT_TARGET = 16.2;
				MACOSX_DEPLOYMENT_TARGET = 13.1;
				MARKETING_VERSION = 1.0;
				PRODUCT_BUNDLE_IDENTIFIER = com.nutritionfacts.sqlite.SqliteMigrateMultiUITests;
				PRODUCT_NAME = "$(TARGET_NAME)";
				SDKROOT = auto;
				SUPPORTED_PLATFORMS = "iphoneos iphonesimulator macosx";
				SWIFT_EMIT_LOC_STRINGS = NO;
				SWIFT_VERSION = 5.0;
				TARGETED_DEVICE_FAMILY = "1,2";
				TEST_TARGET_NAME = SqliteMigrateMulti;
			};
			name = Release;
		};
/* End XCBuildConfiguration section */

/* Begin XCConfigurationList section */
		4C3C595E29BA7AC400CED942 /* Build configuration list for PBXProject "SqliteMigrateMulti" */ = {
			isa = XCConfigurationList;
			buildConfigurations = (
				4C3C598629BA7AC400CED942 /* Debug */,
				4C3C598729BA7AC400CED942 /* Release */,
			);
			defaultConfigurationIsVisible = 0;
			defaultConfigurationName = Release;
		};
		4C3C598829BA7AC400CED942 /* Build configuration list for PBXNativeTarget "SqliteMigrateMulti" */ = {
			isa = XCConfigurationList;
			buildConfigurations = (
				4C3C598929BA7AC400CED942 /* Debug */,
				4C3C598A29BA7AC400CED942 /* Release */,
			);
			defaultConfigurationIsVisible = 0;
			defaultConfigurationName = Release;
		};
		4C3C598B29BA7AC400CED942 /* Build configuration list for PBXNativeTarget "SqliteMigrateMultiTests" */ = {
			isa = XCConfigurationList;
			buildConfigurations = (
				4C3C598C29BA7AC400CED942 /* Debug */,
				4C3C598D29BA7AC400CED942 /* Release */,
			);
			defaultConfigurationIsVisible = 0;
			defaultConfigurationName = Release;
		};
		4C3C598E29BA7AC400CED942 /* Build configuration list for PBXNativeTarget "SqliteMigrateMultiUITests" */ = {
			isa = XCConfigurationList;
			buildConfigurations = (
				4C3C598F29BA7AC400CED942 /* Debug */,
				4C3C599029BA7AC400CED942 /* Release */,
			);
			defaultConfigurationIsVisible = 0;
			defaultConfigurationName = Release;
		};
/* End XCConfigurationList section */

/* Begin XCSwiftPackageProductDependency section */
		4C8A23EF29BB085D00C7B1D1 /* SQLiteApi */ = {
			isa = XCSwiftPackageProductDependency;
			productName = SQLiteApi;
		};
		4C8A23F129BB085D00C7B1D1 /* SQLiteCLib */ = {
			isa = XCSwiftPackageProductDependency;
			productName = SQLiteCLib;
		};
		4C8A23F329BB085D00C7B1D1 /* SQLiteFramework */ = {
			isa = XCSwiftPackageProductDependency;
			productName = SQLiteFramework;
		};
		4C8A23F529BB085D00C7B1D1 /* SQLiteManager */ = {
			isa = XCSwiftPackageProductDependency;
			productName = SQLiteManager;
		};
/* End XCSwiftPackageProductDependency section */
	};
	rootObject = 4C3C595B29BA7AC400CED942 /* Project object */;
}
