// !$*UTF8*$!
{
	archiveVersion = 1;
	classes = {
	};
	objectVersion = 46;
	objects = {

/* Begin PBXBuildFile section */
		7707E45C1BC19B8100C8BCFE /* FoodHelper.m in Sources */ = {isa = PBXBuildFile; fileRef = 7707E45B1BC19B8100C8BCFE /* FoodHelper.m */; settings = {ASSET_TAGS = (); }; };
		7707E4601BC1AE8400C8BCFE /* ConsumptionTableViewCell.m in Sources */ = {isa = PBXBuildFile; fileRef = 7707E45F1BC1AE8400C8BCFE /* ConsumptionTableViewCell.m */; settings = {ASSET_TAGS = (); }; };
		7707E4771BC1EC2000C8BCFE /* ic_apple.png in Resources */ = {isa = PBXBuildFile; fileRef = 7707E46B1BC1EC2000C8BCFE /* ic_apple.png */; settings = {ASSET_TAGS = (); }; };
		7707E4781BC1EC2000C8BCFE /* ic_beans.png in Resources */ = {isa = PBXBuildFile; fileRef = 7707E46C1BC1EC2000C8BCFE /* ic_beans.png */; settings = {ASSET_TAGS = (); }; };
		7707E4791BC1EC2000C8BCFE /* ic_berries.png in Resources */ = {isa = PBXBuildFile; fileRef = 7707E46D1BC1EC2000C8BCFE /* ic_berries.png */; settings = {ASSET_TAGS = (); }; };
		7707E47A1BC1EC2000C8BCFE /* ic_beverages.png in Resources */ = {isa = PBXBuildFile; fileRef = 7707E46E1BC1EC2000C8BCFE /* ic_beverages.png */; settings = {ASSET_TAGS = (); }; };
		7707E47B1BC1EC2000C8BCFE /* ic_cruciferous.png in Resources */ = {isa = PBXBuildFile; fileRef = 7707E46F1BC1EC2000C8BCFE /* ic_cruciferous.png */; settings = {ASSET_TAGS = (); }; };
		7707E47C1BC1EC2000C8BCFE /* ic_exercise.png in Resources */ = {isa = PBXBuildFile; fileRef = 7707E4701BC1EC2000C8BCFE /* ic_exercise.png */; settings = {ASSET_TAGS = (); }; };
		7707E47D1BC1EC2000C8BCFE /* ic_flax.png in Resources */ = {isa = PBXBuildFile; fileRef = 7707E4711BC1EC2000C8BCFE /* ic_flax.png */; settings = {ASSET_TAGS = (); }; };
		7707E47E1BC1EC2000C8BCFE /* ic_greens.png in Resources */ = {isa = PBXBuildFile; fileRef = 7707E4721BC1EC2000C8BCFE /* ic_greens.png */; settings = {ASSET_TAGS = (); }; };
		7707E47F1BC1EC2000C8BCFE /* ic_nuts.png in Resources */ = {isa = PBXBuildFile; fileRef = 7707E4731BC1EC2000C8BCFE /* ic_nuts.png */; settings = {ASSET_TAGS = (); }; };
		7707E4801BC1EC2000C8BCFE /* ic_other_veg.png in Resources */ = {isa = PBXBuildFile; fileRef = 7707E4741BC1EC2000C8BCFE /* ic_other_veg.png */; settings = {ASSET_TAGS = (); }; };
		7707E4811BC1EC2000C8BCFE /* ic_spices.png in Resources */ = {isa = PBXBuildFile; fileRef = 7707E4751BC1EC2000C8BCFE /* ic_spices.png */; settings = {ASSET_TAGS = (); }; };
		7707E4821BC1EC2000C8BCFE /* ic_whole_grains.png in Resources */ = {isa = PBXBuildFile; fileRef = 7707E4761BC1EC2000C8BCFE /* ic_whole_grains.png */; settings = {ASSET_TAGS = (); }; };
		774FBC7F1BBF0BA100BF048C /* main.m in Sources */ = {isa = PBXBuildFile; fileRef = 774FBC7E1BBF0BA100BF048C /* main.m */; };
		774FBC821BBF0BA100BF048C /* AppDelegate.m in Sources */ = {isa = PBXBuildFile; fileRef = 774FBC811BBF0BA100BF048C /* AppDelegate.m */; };
		774FBC8D1BBF0BA100BF048C /* Assets.xcassets in Resources */ = {isa = PBXBuildFile; fileRef = 774FBC8C1BBF0BA100BF048C /* Assets.xcassets */; };
		774FBC901BBF0BA100BF048C /* LaunchScreen.storyboard in Resources */ = {isa = PBXBuildFile; fileRef = 774FBC8E1BBF0BA100BF048C /* LaunchScreen.storyboard */; };
		774FBC9D1BBF1C4400BF048C /* DailyReportViewController.m in Sources */ = {isa = PBXBuildFile; fileRef = 774FBC9C1BBF1C4400BF048C /* DailyReportViewController.m */; settings = {ASSET_TAGS = (); }; };
		774FBCA01BBF1E2B00BF048C /* ColorManager.m in Sources */ = {isa = PBXBuildFile; fileRef = 774FBC9F1BBF1E2B00BF048C /* ColorManager.m */; settings = {ASSET_TAGS = (); }; };
		774FBCAA1BBF355B00BF048C /* DatabaseManager.m in Sources */ = {isa = PBXBuildFile; fileRef = 774FBCA91BBF355B00BF048C /* DatabaseManager.m */; settings = {ASSET_TAGS = (); }; };
		774FBCAD1BBF366800BF048C /* Daily_Dozen.xcdatamodeld in Sources */ = {isa = PBXBuildFile; fileRef = 774FBCAB1BBF366800BF048C /* Daily_Dozen.xcdatamodeld */; settings = {ASSET_TAGS = (); }; };
		774FBCCC1BBF38AD00BF048C /* DBConsumption.m in Sources */ = {isa = PBXBuildFile; fileRef = 774FBCC11BBF38AD00BF048C /* DBConsumption.m */; settings = {ASSET_TAGS = (); }; };
		774FBCCD1BBF38AD00BF048C /* DBConsumption+CoreDataProperties.m in Sources */ = {isa = PBXBuildFile; fileRef = 774FBCC31BBF38AD00BF048C /* DBConsumption+CoreDataProperties.m */; settings = {ASSET_TAGS = (); }; };
		774FBCCE1BBF38AD00BF048C /* DBDailyReport.m in Sources */ = {isa = PBXBuildFile; fileRef = 774FBCC51BBF38AD00BF048C /* DBDailyReport.m */; settings = {ASSET_TAGS = (); }; };
		774FBCCF1BBF38AD00BF048C /* DBDailyReport+CoreDataProperties.m in Sources */ = {isa = PBXBuildFile; fileRef = 774FBCC71BBF38AD00BF048C /* DBDailyReport+CoreDataProperties.m */; settings = {ASSET_TAGS = (); }; };
		774FBCD01BBF38AD00BF048C /* DBUser.m in Sources */ = {isa = PBXBuildFile; fileRef = 774FBCC91BBF38AD00BF048C /* DBUser.m */; settings = {ASSET_TAGS = (); }; };
		774FBCD11BBF38AD00BF048C /* DBUser+CoreDataProperties.m in Sources */ = {isa = PBXBuildFile; fileRef = 774FBCCB1BBF38AD00BF048C /* DBUser+CoreDataProperties.m */; settings = {ASSET_TAGS = (); }; };
		774FBCD51BBF3A0F00BF048C /* NSManagedObject+Additions.m in Sources */ = {isa = PBXBuildFile; fileRef = 774FBCD41BBF3A0F00BF048C /* NSManagedObject+Additions.m */; settings = {ASSET_TAGS = (); }; };
		774FBCDD1BBF45C800BF048C /* UserManager.m in Sources */ = {isa = PBXBuildFile; fileRef = 774FBCDC1BBF45C800BF048C /* UserManager.m */; settings = {ASSET_TAGS = (); }; };
		774FBCE11BBF463800BF048C /* DataManager.m in Sources */ = {isa = PBXBuildFile; fileRef = 774FBCE01BBF463800BF048C /* DataManager.m */; settings = {ASSET_TAGS = (); }; };
		774FBCE51BBF4ADE00BF048C /* FoodType.m in Sources */ = {isa = PBXBuildFile; fileRef = 774FBCE41BBF4ADE00BF048C /* FoodType.m */; settings = {ASSET_TAGS = (); }; };
/* End PBXBuildFile section */

/* Begin PBXFileReference section */
		7707E45A1BC19B8100C8BCFE /* FoodHelper.h */ = {isa = PBXFileReference; fileEncoding = 4; lastKnownFileType = sourcecode.c.h; name = FoodHelper.h; path = food/FoodHelper.h; sourceTree = "<group>"; };
		7707E45B1BC19B8100C8BCFE /* FoodHelper.m */ = {isa = PBXFileReference; fileEncoding = 4; lastKnownFileType = sourcecode.c.objc; name = FoodHelper.m; path = food/FoodHelper.m; sourceTree = "<group>"; };
		7707E45E1BC1AE8400C8BCFE /* ConsumptionTableViewCell.h */ = {isa = PBXFileReference; fileEncoding = 4; lastKnownFileType = sourcecode.c.h; name = ConsumptionTableViewCell.h; path = views/ConsumptionTableViewCell.h; sourceTree = "<group>"; };
		7707E45F1BC1AE8400C8BCFE /* ConsumptionTableViewCell.m */ = {isa = PBXFileReference; fileEncoding = 4; lastKnownFileType = sourcecode.c.objc; name = ConsumptionTableViewCell.m; path = views/ConsumptionTableViewCell.m; sourceTree = "<group>"; };
		7707E4611BC1DEF600C8BCFE /* DimenConstants.h */ = {isa = PBXFileReference; lastKnownFileType = sourcecode.c.h; path = DimenConstants.h; sourceTree = "<group>"; };
		7707E46B1BC1EC2000C8BCFE /* ic_apple.png */ = {isa = PBXFileReference; lastKnownFileType = image.png; path = ic_apple.png; sourceTree = "<group>"; };
		7707E46C1BC1EC2000C8BCFE /* ic_beans.png */ = {isa = PBXFileReference; lastKnownFileType = image.png; path = ic_beans.png; sourceTree = "<group>"; };
		7707E46D1BC1EC2000C8BCFE /* ic_berries.png */ = {isa = PBXFileReference; lastKnownFileType = image.png; path = ic_berries.png; sourceTree = "<group>"; };
		7707E46E1BC1EC2000C8BCFE /* ic_beverages.png */ = {isa = PBXFileReference; lastKnownFileType = image.png; path = ic_beverages.png; sourceTree = "<group>"; };
		7707E46F1BC1EC2000C8BCFE /* ic_cruciferous.png */ = {isa = PBXFileReference; lastKnownFileType = image.png; path = ic_cruciferous.png; sourceTree = "<group>"; };
		7707E4701BC1EC2000C8BCFE /* ic_exercise.png */ = {isa = PBXFileReference; lastKnownFileType = image.png; path = ic_exercise.png; sourceTree = "<group>"; };
		7707E4711BC1EC2000C8BCFE /* ic_flax.png */ = {isa = PBXFileReference; lastKnownFileType = image.png; path = ic_flax.png; sourceTree = "<group>"; };
		7707E4721BC1EC2000C8BCFE /* ic_greens.png */ = {isa = PBXFileReference; lastKnownFileType = image.png; path = ic_greens.png; sourceTree = "<group>"; };
		7707E4731BC1EC2000C8BCFE /* ic_nuts.png */ = {isa = PBXFileReference; lastKnownFileType = image.png; path = ic_nuts.png; sourceTree = "<group>"; };
		7707E4741BC1EC2000C8BCFE /* ic_other_veg.png */ = {isa = PBXFileReference; lastKnownFileType = image.png; path = ic_other_veg.png; sourceTree = "<group>"; };
		7707E4751BC1EC2000C8BCFE /* ic_spices.png */ = {isa = PBXFileReference; lastKnownFileType = image.png; path = ic_spices.png; sourceTree = "<group>"; };
		7707E4761BC1EC2000C8BCFE /* ic_whole_grains.png */ = {isa = PBXFileReference; lastKnownFileType = image.png; path = ic_whole_grains.png; sourceTree = "<group>"; };
		774FBC7A1BBF0BA100BF048C /* Daily Dozen.app */ = {isa = PBXFileReference; explicitFileType = wrapper.application; includeInIndex = 0; path = "Daily Dozen.app"; sourceTree = BUILT_PRODUCTS_DIR; };
		774FBC7E1BBF0BA100BF048C /* main.m */ = {isa = PBXFileReference; lastKnownFileType = sourcecode.c.objc; path = main.m; sourceTree = "<group>"; };
		774FBC801BBF0BA100BF048C /* AppDelegate.h */ = {isa = PBXFileReference; lastKnownFileType = sourcecode.c.h; path = AppDelegate.h; sourceTree = "<group>"; };
		774FBC811BBF0BA100BF048C /* AppDelegate.m */ = {isa = PBXFileReference; lastKnownFileType = sourcecode.c.objc; path = AppDelegate.m; sourceTree = "<group>"; };
		774FBC8C1BBF0BA100BF048C /* Assets.xcassets */ = {isa = PBXFileReference; lastKnownFileType = folder.assetcatalog; path = Assets.xcassets; sourceTree = "<group>"; };
		774FBC8F1BBF0BA100BF048C /* Base */ = {isa = PBXFileReference; lastKnownFileType = file.storyboard; name = Base; path = Base.lproj/LaunchScreen.storyboard; sourceTree = "<group>"; };
		774FBC911BBF0BA100BF048C /* Info.plist */ = {isa = PBXFileReference; lastKnownFileType = text.plist.xml; path = Info.plist; sourceTree = "<group>"; };
		774FBC9B1BBF1C4400BF048C /* DailyReportViewController.h */ = {isa = PBXFileReference; fileEncoding = 4; lastKnownFileType = sourcecode.c.h; path = DailyReportViewController.h; sourceTree = "<group>"; };
		774FBC9C1BBF1C4400BF048C /* DailyReportViewController.m */ = {isa = PBXFileReference; fileEncoding = 4; lastKnownFileType = sourcecode.c.objc; path = DailyReportViewController.m; sourceTree = "<group>"; };
		774FBC9E1BBF1E2B00BF048C /* ColorManager.h */ = {isa = PBXFileReference; fileEncoding = 4; lastKnownFileType = sourcecode.c.h; name = ColorManager.h; path = util/ColorManager.h; sourceTree = "<group>"; };
		774FBC9F1BBF1E2B00BF048C /* ColorManager.m */ = {isa = PBXFileReference; fileEncoding = 4; lastKnownFileType = sourcecode.c.objc; name = ColorManager.m; path = util/ColorManager.m; sourceTree = "<group>"; };
		774FBCA31BBF1FDC00BF048C /* ColorConstants.h */ = {isa = PBXFileReference; lastKnownFileType = sourcecode.c.h; name = ColorConstants.h; path = constants/ColorConstants.h; sourceTree = "<group>"; };
		774FBCA81BBF355B00BF048C /* DatabaseManager.h */ = {isa = PBXFileReference; fileEncoding = 4; lastKnownFileType = sourcecode.c.h; name = DatabaseManager.h; path = db/managers/DatabaseManager.h; sourceTree = "<group>"; };
		774FBCA91BBF355B00BF048C /* DatabaseManager.m */ = {isa = PBXFileReference; fileEncoding = 4; lastKnownFileType = sourcecode.c.objc; name = DatabaseManager.m; path = db/managers/DatabaseManager.m; sourceTree = "<group>"; };
		774FBCAC1BBF366800BF048C /* Daily_Dozen.xcdatamodel */ = {isa = PBXFileReference; lastKnownFileType = wrapper.xcdatamodel; path = Daily_Dozen.xcdatamodel; sourceTree = "<group>"; };
		774FBCC01BBF38AD00BF048C /* DBConsumption.h */ = {isa = PBXFileReference; fileEncoding = 4; lastKnownFileType = sourcecode.c.h; name = DBConsumption.h; path = db/DBConsumption.h; sourceTree = "<group>"; };
		774FBCC11BBF38AD00BF048C /* DBConsumption.m */ = {isa = PBXFileReference; fileEncoding = 4; lastKnownFileType = sourcecode.c.objc; name = DBConsumption.m; path = db/DBConsumption.m; sourceTree = "<group>"; };
		774FBCC21BBF38AD00BF048C /* DBConsumption+CoreDataProperties.h */ = {isa = PBXFileReference; fileEncoding = 4; lastKnownFileType = sourcecode.c.h; name = "DBConsumption+CoreDataProperties.h"; path = "db/DBConsumption+CoreDataProperties.h"; sourceTree = "<group>"; };
		774FBCC31BBF38AD00BF048C /* DBConsumption+CoreDataProperties.m */ = {isa = PBXFileReference; fileEncoding = 4; lastKnownFileType = sourcecode.c.objc; name = "DBConsumption+CoreDataProperties.m"; path = "db/DBConsumption+CoreDataProperties.m"; sourceTree = "<group>"; };
		774FBCC41BBF38AD00BF048C /* DBDailyReport.h */ = {isa = PBXFileReference; fileEncoding = 4; lastKnownFileType = sourcecode.c.h; name = DBDailyReport.h; path = db/DBDailyReport.h; sourceTree = "<group>"; };
		774FBCC51BBF38AD00BF048C /* DBDailyReport.m */ = {isa = PBXFileReference; fileEncoding = 4; lastKnownFileType = sourcecode.c.objc; name = DBDailyReport.m; path = db/DBDailyReport.m; sourceTree = "<group>"; };
		774FBCC61BBF38AD00BF048C /* DBDailyReport+CoreDataProperties.h */ = {isa = PBXFileReference; fileEncoding = 4; lastKnownFileType = sourcecode.c.h; name = "DBDailyReport+CoreDataProperties.h"; path = "db/DBDailyReport+CoreDataProperties.h"; sourceTree = "<group>"; };
		774FBCC71BBF38AD00BF048C /* DBDailyReport+CoreDataProperties.m */ = {isa = PBXFileReference; fileEncoding = 4; lastKnownFileType = sourcecode.c.objc; name = "DBDailyReport+CoreDataProperties.m"; path = "db/DBDailyReport+CoreDataProperties.m"; sourceTree = "<group>"; };
		774FBCC81BBF38AD00BF048C /* DBUser.h */ = {isa = PBXFileReference; fileEncoding = 4; lastKnownFileType = sourcecode.c.h; name = DBUser.h; path = db/DBUser.h; sourceTree = "<group>"; };
		774FBCC91BBF38AD00BF048C /* DBUser.m */ = {isa = PBXFileReference; fileEncoding = 4; lastKnownFileType = sourcecode.c.objc; name = DBUser.m; path = db/DBUser.m; sourceTree = "<group>"; };
		774FBCCA1BBF38AD00BF048C /* DBUser+CoreDataProperties.h */ = {isa = PBXFileReference; fileEncoding = 4; lastKnownFileType = sourcecode.c.h; name = "DBUser+CoreDataProperties.h"; path = "db/DBUser+CoreDataProperties.h"; sourceTree = "<group>"; };
		774FBCCB1BBF38AD00BF048C /* DBUser+CoreDataProperties.m */ = {isa = PBXFileReference; fileEncoding = 4; lastKnownFileType = sourcecode.c.objc; name = "DBUser+CoreDataProperties.m"; path = "db/DBUser+CoreDataProperties.m"; sourceTree = "<group>"; };
		774FBCD31BBF3A0F00BF048C /* NSManagedObject+Additions.h */ = {isa = PBXFileReference; fileEncoding = 4; lastKnownFileType = sourcecode.c.h; name = "NSManagedObject+Additions.h"; path = "db/categories/NSManagedObject+Additions.h"; sourceTree = "<group>"; };
		774FBCD41BBF3A0F00BF048C /* NSManagedObject+Additions.m */ = {isa = PBXFileReference; fileEncoding = 4; lastKnownFileType = sourcecode.c.objc; name = "NSManagedObject+Additions.m"; path = "db/categories/NSManagedObject+Additions.m"; sourceTree = "<group>"; };
		774FBCD91BBF3DFC00BF048C /* DailyDozen-Prefix.pch */ = {isa = PBXFileReference; lastKnownFileType = sourcecode.c.h; path = "DailyDozen-Prefix.pch"; sourceTree = "<group>"; };
		774FBCDB1BBF45C800BF048C /* UserManager.h */ = {isa = PBXFileReference; fileEncoding = 4; lastKnownFileType = sourcecode.c.h; name = UserManager.h; path = user/UserManager.h; sourceTree = "<group>"; };
		774FBCDC1BBF45C800BF048C /* UserManager.m */ = {isa = PBXFileReference; fileEncoding = 4; lastKnownFileType = sourcecode.c.objc; name = UserManager.m; path = user/UserManager.m; sourceTree = "<group>"; };
		774FBCDF1BBF463800BF048C /* DataManager.h */ = {isa = PBXFileReference; fileEncoding = 4; lastKnownFileType = sourcecode.c.h; name = DataManager.h; path = data/DataManager.h; sourceTree = "<group>"; };
		774FBCE01BBF463800BF048C /* DataManager.m */ = {isa = PBXFileReference; fileEncoding = 4; lastKnownFileType = sourcecode.c.objc; name = DataManager.m; path = data/DataManager.m; sourceTree = "<group>"; };
		774FBCE31BBF4ADE00BF048C /* FoodType.h */ = {isa = PBXFileReference; fileEncoding = 4; lastKnownFileType = sourcecode.c.h; name = FoodType.h; path = food/FoodType.h; sourceTree = "<group>"; };
		774FBCE41BBF4ADE00BF048C /* FoodType.m */ = {isa = PBXFileReference; fileEncoding = 4; lastKnownFileType = sourcecode.c.objc; name = FoodType.m; path = food/FoodType.m; sourceTree = "<group>"; };
/* End PBXFileReference section */

/* Begin PBXFrameworksBuildPhase section */
		774FBC771BBF0BA100BF048C /* Frameworks */ = {
			isa = PBXFrameworksBuildPhase;
			buildActionMask = 2147483647;
			files = (
			);
			runOnlyForDeploymentPostprocessing = 0;
		};
/* End PBXFrameworksBuildPhase section */

/* Begin PBXGroup section */
		7707E45D1BC1AE5B00C8BCFE /* views */ = {
			isa = PBXGroup;
			children = (
				7707E45E1BC1AE8400C8BCFE /* ConsumptionTableViewCell.h */,
				7707E45F1BC1AE8400C8BCFE /* ConsumptionTableViewCell.m */,
			);
			name = views;
			sourceTree = "<group>";
		};
		7707E46A1BC1EC2000C8BCFE /* images */ = {
			isa = PBXGroup;
			children = (
				7707E46B1BC1EC2000C8BCFE /* ic_apple.png */,
				7707E46C1BC1EC2000C8BCFE /* ic_beans.png */,
				7707E46D1BC1EC2000C8BCFE /* ic_berries.png */,
				7707E46E1BC1EC2000C8BCFE /* ic_beverages.png */,
				7707E46F1BC1EC2000C8BCFE /* ic_cruciferous.png */,
				7707E4701BC1EC2000C8BCFE /* ic_exercise.png */,
				7707E4711BC1EC2000C8BCFE /* ic_flax.png */,
				7707E4721BC1EC2000C8BCFE /* ic_greens.png */,
				7707E4731BC1EC2000C8BCFE /* ic_nuts.png */,
				7707E4741BC1EC2000C8BCFE /* ic_other_veg.png */,
				7707E4751BC1EC2000C8BCFE /* ic_spices.png */,
				7707E4761BC1EC2000C8BCFE /* ic_whole_grains.png */,
			);
			path = images;
			sourceTree = "<group>";
		};
		774FBC711BBF0BA100BF048C = {
			isa = PBXGroup;
			children = (
				774FBC7C1BBF0BA100BF048C /* Daily Dozen */,
				774FBC7B1BBF0BA100BF048C /* Products */,
			);
			sourceTree = "<group>";
		};
		774FBC7B1BBF0BA100BF048C /* Products */ = {
			isa = PBXGroup;
			children = (
				774FBC7A1BBF0BA100BF048C /* Daily Dozen.app */,
			);
			name = Products;
			sourceTree = "<group>";
		};
		774FBC7C1BBF0BA100BF048C /* Daily Dozen */ = {
			isa = PBXGroup;
			children = (
				7707E46A1BC1EC2000C8BCFE /* images */,
				7707E45D1BC1AE5B00C8BCFE /* views */,
				774FBCE21BBF4ACD00BF048C /* food */,
				774FBCDE1BBF462900BF048C /* data */,
				774FBCDA1BBF45AB00BF048C /* user */,
				774FBCA61BBF352300BF048C /* db */,
				774FBCA21BBF1FC600BF048C /* constants */,
				774FBCA11BBF1E3300BF048C /* util */,
				774FBC971BBF1A7300BF048C /* View Controllers */,
				774FBC801BBF0BA100BF048C /* AppDelegate.h */,
				774FBC811BBF0BA100BF048C /* AppDelegate.m */,
				774FBC8C1BBF0BA100BF048C /* Assets.xcassets */,
				774FBC8E1BBF0BA100BF048C /* LaunchScreen.storyboard */,
				774FBC911BBF0BA100BF048C /* Info.plist */,
				774FBC7D1BBF0BA100BF048C /* Supporting Files */,
			);
			path = "Daily Dozen";
			sourceTree = "<group>";
		};
		774FBC7D1BBF0BA100BF048C /* Supporting Files */ = {
			isa = PBXGroup;
			children = (
				774FBC7E1BBF0BA100BF048C /* main.m */,
				774FBCD91BBF3DFC00BF048C /* DailyDozen-Prefix.pch */,
			);
			name = "Supporting Files";
			sourceTree = "<group>";
		};
		774FBC971BBF1A7300BF048C /* View Controllers */ = {
			isa = PBXGroup;
			children = (
				774FBC9B1BBF1C4400BF048C /* DailyReportViewController.h */,
				774FBC9C1BBF1C4400BF048C /* DailyReportViewController.m */,
			);
			name = "View Controllers";
			sourceTree = "<group>";
		};
		774FBCA11BBF1E3300BF048C /* util */ = {
			isa = PBXGroup;
			children = (
				774FBC9E1BBF1E2B00BF048C /* ColorManager.h */,
				774FBC9F1BBF1E2B00BF048C /* ColorManager.m */,
			);
			name = util;
			sourceTree = "<group>";
		};
		774FBCA21BBF1FC600BF048C /* constants */ = {
			isa = PBXGroup;
			children = (
				774FBCA31BBF1FDC00BF048C /* ColorConstants.h */,
				7707E4611BC1DEF600C8BCFE /* DimenConstants.h */,
			);
			name = constants;
			sourceTree = "<group>";
		};
		774FBCA61BBF352300BF048C /* db */ = {
			isa = PBXGroup;
			children = (
				774FBCD21BBF39A400BF048C /* categories */,
				774FBCAB1BBF366800BF048C /* Daily_Dozen.xcdatamodeld */,
				774FBCC01BBF38AD00BF048C /* DBConsumption.h */,
				774FBCC11BBF38AD00BF048C /* DBConsumption.m */,
				774FBCC21BBF38AD00BF048C /* DBConsumption+CoreDataProperties.h */,
				774FBCC31BBF38AD00BF048C /* DBConsumption+CoreDataProperties.m */,
				774FBCC41BBF38AD00BF048C /* DBDailyReport.h */,
				774FBCC51BBF38AD00BF048C /* DBDailyReport.m */,
				774FBCC61BBF38AD00BF048C /* DBDailyReport+CoreDataProperties.h */,
				774FBCC71BBF38AD00BF048C /* DBDailyReport+CoreDataProperties.m */,
				774FBCC81BBF38AD00BF048C /* DBUser.h */,
				774FBCC91BBF38AD00BF048C /* DBUser.m */,
				774FBCCA1BBF38AD00BF048C /* DBUser+CoreDataProperties.h */,
				774FBCCB1BBF38AD00BF048C /* DBUser+CoreDataProperties.m */,
				774FBCA71BBF353F00BF048C /* managers */,
			);
			name = db;
			sourceTree = "<group>";
		};
		774FBCA71BBF353F00BF048C /* managers */ = {
			isa = PBXGroup;
			children = (
				774FBCA81BBF355B00BF048C /* DatabaseManager.h */,
				774FBCA91BBF355B00BF048C /* DatabaseManager.m */,
			);
			name = managers;
			sourceTree = "<group>";
		};
		774FBCD21BBF39A400BF048C /* categories */ = {
			isa = PBXGroup;
			children = (
				774FBCD31BBF3A0F00BF048C /* NSManagedObject+Additions.h */,
				774FBCD41BBF3A0F00BF048C /* NSManagedObject+Additions.m */,
			);
			name = categories;
			sourceTree = "<group>";
		};
		774FBCDA1BBF45AB00BF048C /* user */ = {
			isa = PBXGroup;
			children = (
				774FBCDB1BBF45C800BF048C /* UserManager.h */,
				774FBCDC1BBF45C800BF048C /* UserManager.m */,
			);
			name = user;
			sourceTree = "<group>";
		};
		774FBCDE1BBF462900BF048C /* data */ = {
			isa = PBXGroup;
			children = (
				774FBCDF1BBF463800BF048C /* DataManager.h */,
				774FBCE01BBF463800BF048C /* DataManager.m */,
			);
			name = data;
			sourceTree = "<group>";
		};
		774FBCE21BBF4ACD00BF048C /* food */ = {
			isa = PBXGroup;
			children = (
				774FBCE31BBF4ADE00BF048C /* FoodType.h */,
				774FBCE41BBF4ADE00BF048C /* FoodType.m */,
				7707E45A1BC19B8100C8BCFE /* FoodHelper.h */,
				7707E45B1BC19B8100C8BCFE /* FoodHelper.m */,
			);
			name = food;
			sourceTree = "<group>";
		};
/* End PBXGroup section */

/* Begin PBXNativeTarget section */
		774FBC791BBF0BA100BF048C /* Daily Dozen */ = {
			isa = PBXNativeTarget;
			buildConfigurationList = 774FBC941BBF0BA100BF048C /* Build configuration list for PBXNativeTarget "Daily Dozen" */;
			buildPhases = (
				774FBC761BBF0BA100BF048C /* Sources */,
				774FBC771BBF0BA100BF048C /* Frameworks */,
				774FBC781BBF0BA100BF048C /* Resources */,
			);
			buildRules = (
			);
			dependencies = (
			);
			name = "Daily Dozen";
			productName = "Daily Dozen";
			productReference = 774FBC7A1BBF0BA100BF048C /* Daily Dozen.app */;
			productType = "com.apple.product-type.application";
		};
/* End PBXNativeTarget section */

/* Begin PBXProject section */
		774FBC721BBF0BA100BF048C /* Project object */ = {
			isa = PBXProject;
			attributes = {
				LastUpgradeCheck = 0700;
				ORGANIZATIONNAME = NutritionFacts.org;
				TargetAttributes = {
					774FBC791BBF0BA100BF048C = {
						CreatedOnToolsVersion = 7.0.1;
					};
				};
			};
			buildConfigurationList = 774FBC751BBF0BA100BF048C /* Build configuration list for PBXProject "Daily Dozen" */;
			compatibilityVersion = "Xcode 3.2";
			developmentRegion = English;
			hasScannedForEncodings = 0;
			knownRegions = (
				en,
				Base,
			);
			mainGroup = 774FBC711BBF0BA100BF048C;
			productRefGroup = 774FBC7B1BBF0BA100BF048C /* Products */;
			projectDirPath = "";
			projectRoot = "";
			targets = (
				774FBC791BBF0BA100BF048C /* Daily Dozen */,
			);
		};
/* End PBXProject section */

/* Begin PBXResourcesBuildPhase section */
		774FBC781BBF0BA100BF048C /* Resources */ = {
			isa = PBXResourcesBuildPhase;
			buildActionMask = 2147483647;
			files = (
				774FBC901BBF0BA100BF048C /* LaunchScreen.storyboard in Resources */,
				7707E4801BC1EC2000C8BCFE /* ic_other_veg.png in Resources */,
				7707E47E1BC1EC2000C8BCFE /* ic_greens.png in Resources */,
				7707E47B1BC1EC2000C8BCFE /* ic_cruciferous.png in Resources */,
				7707E4771BC1EC2000C8BCFE /* ic_apple.png in Resources */,
				7707E4791BC1EC2000C8BCFE /* ic_berries.png in Resources */,
				7707E4811BC1EC2000C8BCFE /* ic_spices.png in Resources */,
				7707E4821BC1EC2000C8BCFE /* ic_whole_grains.png in Resources */,
				774FBC8D1BBF0BA100BF048C /* Assets.xcassets in Resources */,
				7707E47F1BC1EC2000C8BCFE /* ic_nuts.png in Resources */,
				7707E47C1BC1EC2000C8BCFE /* ic_exercise.png in Resources */,
				7707E47A1BC1EC2000C8BCFE /* ic_beverages.png in Resources */,
				7707E4781BC1EC2000C8BCFE /* ic_beans.png in Resources */,
				7707E47D1BC1EC2000C8BCFE /* ic_flax.png in Resources */,
			);
			runOnlyForDeploymentPostprocessing = 0;
		};
/* End PBXResourcesBuildPhase section */

/* Begin PBXSourcesBuildPhase section */
		774FBC761BBF0BA100BF048C /* Sources */ = {
			isa = PBXSourcesBuildPhase;
			buildActionMask = 2147483647;
			files = (
				774FBC821BBF0BA100BF048C /* AppDelegate.m in Sources */,
				774FBCE11BBF463800BF048C /* DataManager.m in Sources */,
				774FBCCD1BBF38AD00BF048C /* DBConsumption+CoreDataProperties.m in Sources */,
				774FBCCC1BBF38AD00BF048C /* DBConsumption.m in Sources */,
				774FBCD51BBF3A0F00BF048C /* NSManagedObject+Additions.m in Sources */,
				774FBCA01BBF1E2B00BF048C /* ColorManager.m in Sources */,
				774FBCAD1BBF366800BF048C /* Daily_Dozen.xcdatamodeld in Sources */,
				774FBCCF1BBF38AD00BF048C /* DBDailyReport+CoreDataProperties.m in Sources */,
				774FBCCE1BBF38AD00BF048C /* DBDailyReport.m in Sources */,
				774FBCDD1BBF45C800BF048C /* UserManager.m in Sources */,
				7707E45C1BC19B8100C8BCFE /* FoodHelper.m in Sources */,
				774FBC7F1BBF0BA100BF048C /* main.m in Sources */,
				774FBCAA1BBF355B00BF048C /* DatabaseManager.m in Sources */,
				774FBCD01BBF38AD00BF048C /* DBUser.m in Sources */,
				774FBCD11BBF38AD00BF048C /* DBUser+CoreDataProperties.m in Sources */,
				774FBC9D1BBF1C4400BF048C /* DailyReportViewController.m in Sources */,
				774FBCE51BBF4ADE00BF048C /* FoodType.m in Sources */,
				7707E4601BC1AE8400C8BCFE /* ConsumptionTableViewCell.m in Sources */,
			);
			runOnlyForDeploymentPostprocessing = 0;
		};
/* End PBXSourcesBuildPhase section */

/* Begin PBXVariantGroup section */
		774FBC8E1BBF0BA100BF048C /* LaunchScreen.storyboard */ = {
			isa = PBXVariantGroup;
			children = (
				774FBC8F1BBF0BA100BF048C /* Base */,
			);
			name = LaunchScreen.storyboard;
			sourceTree = "<group>";
		};
/* End PBXVariantGroup section */

/* Begin XCBuildConfiguration section */
		774FBC921BBF0BA100BF048C /* Debug */ = {
			isa = XCBuildConfiguration;
			buildSettings = {
				ALWAYS_SEARCH_USER_PATHS = NO;
				CLANG_CXX_LANGUAGE_STANDARD = "gnu++0x";
				CLANG_CXX_LIBRARY = "libc++";
				CLANG_ENABLE_MODULES = YES;
				CLANG_ENABLE_OBJC_ARC = YES;
				CLANG_WARN_BOOL_CONVERSION = YES;
				CLANG_WARN_CONSTANT_CONVERSION = YES;
				CLANG_WARN_DIRECT_OBJC_ISA_USAGE = YES_ERROR;
				CLANG_WARN_EMPTY_BODY = YES;
				CLANG_WARN_ENUM_CONVERSION = YES;
				CLANG_WARN_INT_CONVERSION = YES;
				CLANG_WARN_OBJC_ROOT_CLASS = YES_ERROR;
				CLANG_WARN_UNREACHABLE_CODE = YES;
				CLANG_WARN__DUPLICATE_METHOD_MATCH = YES;
				"CODE_SIGN_IDENTITY[sdk=iphoneos*]" = "iPhone Developer";
				COPY_PHASE_STRIP = NO;
				DEBUG_INFORMATION_FORMAT = dwarf;
				ENABLE_STRICT_OBJC_MSGSEND = YES;
				ENABLE_TESTABILITY = YES;
				GCC_C_LANGUAGE_STANDARD = gnu99;
				GCC_DYNAMIC_NO_PIC = NO;
				GCC_NO_COMMON_BLOCKS = YES;
				GCC_OPTIMIZATION_LEVEL = 0;
				GCC_PREPROCESSOR_DEFINITIONS = (
					"DEBUG=1",
					"$(inherited)",
				);
				GCC_WARN_64_TO_32_BIT_CONVERSION = YES;
				GCC_WARN_ABOUT_RETURN_TYPE = YES_ERROR;
				GCC_WARN_UNDECLARED_SELECTOR = YES;
				GCC_WARN_UNINITIALIZED_AUTOS = YES_AGGRESSIVE;
				GCC_WARN_UNUSED_FUNCTION = YES;
				GCC_WARN_UNUSED_VARIABLE = YES;
				IPHONEOS_DEPLOYMENT_TARGET = 9.0;
				MTL_ENABLE_DEBUG_INFO = YES;
				ONLY_ACTIVE_ARCH = YES;
				SDKROOT = iphoneos;
			};
			name = Debug;
		};
		774FBC931BBF0BA100BF048C /* Release */ = {
			isa = XCBuildConfiguration;
			buildSettings = {
				ALWAYS_SEARCH_USER_PATHS = NO;
				CLANG_CXX_LANGUAGE_STANDARD = "gnu++0x";
				CLANG_CXX_LIBRARY = "libc++";
				CLANG_ENABLE_MODULES = YES;
				CLANG_ENABLE_OBJC_ARC = YES;
				CLANG_WARN_BOOL_CONVERSION = YES;
				CLANG_WARN_CONSTANT_CONVERSION = YES;
				CLANG_WARN_DIRECT_OBJC_ISA_USAGE = YES_ERROR;
				CLANG_WARN_EMPTY_BODY = YES;
				CLANG_WARN_ENUM_CONVERSION = YES;
				CLANG_WARN_INT_CONVERSION = YES;
				CLANG_WARN_OBJC_ROOT_CLASS = YES_ERROR;
				CLANG_WARN_UNREACHABLE_CODE = YES;
				CLANG_WARN__DUPLICATE_METHOD_MATCH = YES;
				"CODE_SIGN_IDENTITY[sdk=iphoneos*]" = "iPhone Developer";
				COPY_PHASE_STRIP = NO;
				DEBUG_INFORMATION_FORMAT = "dwarf-with-dsym";
				ENABLE_NS_ASSERTIONS = NO;
				ENABLE_STRICT_OBJC_MSGSEND = YES;
				GCC_C_LANGUAGE_STANDARD = gnu99;
				GCC_NO_COMMON_BLOCKS = YES;
				GCC_WARN_64_TO_32_BIT_CONVERSION = YES;
				GCC_WARN_ABOUT_RETURN_TYPE = YES_ERROR;
				GCC_WARN_UNDECLARED_SELECTOR = YES;
				GCC_WARN_UNINITIALIZED_AUTOS = YES_AGGRESSIVE;
				GCC_WARN_UNUSED_FUNCTION = YES;
				GCC_WARN_UNUSED_VARIABLE = YES;
				IPHONEOS_DEPLOYMENT_TARGET = 9.0;
				MTL_ENABLE_DEBUG_INFO = NO;
				SDKROOT = iphoneos;
				VALIDATE_PRODUCT = YES;
			};
			name = Release;
		};
		774FBC951BBF0BA100BF048C /* Debug */ = {
			isa = XCBuildConfiguration;
			buildSettings = {
				ASSETCATALOG_COMPILER_APPICON_NAME = AppIcon;
				GCC_PRECOMPILE_PREFIX_HEADER = YES;
				GCC_PREFIX_HEADER = "Daily Dozen/DailyDozen-Prefix.pch";
				INFOPLIST_FILE = "Daily Dozen/Info.plist";
				IPHONEOS_DEPLOYMENT_TARGET = 8.0;
				LD_RUNPATH_SEARCH_PATHS = "$(inherited) @executable_path/Frameworks";
				PRODUCT_BUNDLE_IDENTIFIER = "NutritionFacts.Daily-Dozen";
				PRODUCT_NAME = "$(TARGET_NAME)";
			};
			name = Debug;
		};
		774FBC961BBF0BA100BF048C /* Release */ = {
			isa = XCBuildConfiguration;
			buildSettings = {
				ASSETCATALOG_COMPILER_APPICON_NAME = AppIcon;
				GCC_PRECOMPILE_PREFIX_HEADER = YES;
				GCC_PREFIX_HEADER = "Daily Dozen/DailyDozen-Prefix.pch";
				INFOPLIST_FILE = "Daily Dozen/Info.plist";
				IPHONEOS_DEPLOYMENT_TARGET = 8.0;
				LD_RUNPATH_SEARCH_PATHS = "$(inherited) @executable_path/Frameworks";
				PRODUCT_BUNDLE_IDENTIFIER = "NutritionFacts.Daily-Dozen";
				PRODUCT_NAME = "$(TARGET_NAME)";
			};
			name = Release;
		};
/* End XCBuildConfiguration section */

/* Begin XCConfigurationList section */
		774FBC751BBF0BA100BF048C /* Build configuration list for PBXProject "Daily Dozen" */ = {
			isa = XCConfigurationList;
			buildConfigurations = (
				774FBC921BBF0BA100BF048C /* Debug */,
				774FBC931BBF0BA100BF048C /* Release */,
			);
			defaultConfigurationIsVisible = 0;
			defaultConfigurationName = Release;
		};
		774FBC941BBF0BA100BF048C /* Build configuration list for PBXNativeTarget "Daily Dozen" */ = {
			isa = XCConfigurationList;
			buildConfigurations = (
				774FBC951BBF0BA100BF048C /* Debug */,
				774FBC961BBF0BA100BF048C /* Release */,
			);
			defaultConfigurationIsVisible = 0;
			defaultConfigurationName = Release;
		};
/* End XCConfigurationList section */

/* Begin XCVersionGroup section */
		774FBCAB1BBF366800BF048C /* Daily_Dozen.xcdatamodeld */ = {
			isa = XCVersionGroup;
			children = (
				774FBCAC1BBF366800BF048C /* Daily_Dozen.xcdatamodel */,
			);
			currentVersion = 774FBCAC1BBF366800BF048C /* Daily_Dozen.xcdatamodel */;
			name = Daily_Dozen.xcdatamodeld;
			path = db/Daily_Dozen.xcdatamodeld;
			sourceTree = "<group>";
			versionGroupType = wrapper.xcdatamodel;
		};
/* End XCVersionGroup section */
	};
	rootObject = 774FBC721BBF0BA100BF048C /* Project object */;
}
