<?xml version="1.0" encoding="UTF-8"?>
<Scheme
   LastUpgradeVersion = "1340"
   version = "1.7">
   <BuildAction
      parallelizeBuildables = "YES"
      buildImplicitDependencies = "YES">
      <PreActions>
         <ExecutionAction
            ActionType = "Xcode.IDEStandardExecutionActionsCore.ExecutionActionType.ShellScriptAction">
            <ActionContent
               title = "Run Script"
               scriptText = "#### Alternate solution for finding siftlint on Apple Silicon:&#10;## ln -s /opt/homebrew/bin/swiftlint /usr/local/bin/swiftlint&#10;####&#10;&#10;# Adds Apple Silicon M1 brew directory to search path&#10;export PATH=&quot;$PATH:/opt/homebrew/bin&quot;&#10;&#10;if which swiftlint &gt;/dev/null; then&#10;  swiftlint&#10;else&#10;  echo &quot;warning: SwiftLint not installed, use &apos;brew install swiftlint&apos; or download from https://github.com/realm/SwiftLint&quot;&#10;fi&#10;"
               shellToInvoke = "/bin/zsh">
            </ActionContent>
         </ExecutionAction>
      </PreActions>
      <BuildActionEntries>
         <BuildActionEntry
            buildForTesting = "YES"
            buildForRunning = "YES"
            buildForProfiling = "YES"
            buildForArchiving = "YES"
            buildForAnalyzing = "YES">
            <BuildableReference
               BuildableIdentifier = "primary"
               BlueprintIdentifier = "CFE698371F974B9700CD7905"
               BuildableName = "DailyDozen.app"
               BlueprintName = "DailyDozen"
               ReferencedContainer = "container:DailyDozen.xcodeproj">
            </BuildableReference>
         </BuildActionEntry>
      </BuildActionEntries>
   </BuildAction>
   <TestAction
      buildConfiguration = "Debug"
      selectedDebuggerIdentifier = "Xcode.DebuggerFoundation.Debugger.LLDB"
      selectedLauncherIdentifier = "Xcode.DebuggerFoundation.Launcher.LLDB"
      shouldUseLaunchSchemeArgsEnv = "YES"
      onlyGenerateCoverageForSpecifiedTargets = "YES">
      <CodeCoverageTargets>
         <BuildableReference
            BuildableIdentifier = "primary"
            BlueprintIdentifier = "CFE698371F974B9700CD7905"
            BuildableName = "DailyDozen.app"
            BlueprintName = "DailyDozen"
            ReferencedContainer = "container:DailyDozen.xcodeproj">
         </BuildableReference>
      </CodeCoverageTargets>
      <TestPlans>
         <TestPlanReference
            reference = "container:DailyDozenTestPlans/DailyDozen.xctestplan"
            default = "YES">
         </TestPlanReference>
         <TestPlanReference
            reference = "container:DailyDozenTestPlans/LocalesQuickCheck.xctestplan">
         </TestPlanReference>
         <TestPlanReference
            reference = "container:DailyDozenTestPlans/LocalesBatchA.xctestplan">
         </TestPlanReference>
      </TestPlans>
      <Testables>
         <TestableReference
            skipped = "NO">
            <BuildableReference
               BuildableIdentifier = "primary"
               BlueprintIdentifier = "498A2275237CD81F007AF5FB"
               BuildableName = "DailyDozenTests.xctest"
               BlueprintName = "DailyDozenTests"
               ReferencedContainer = "container:DailyDozen.xcodeproj">
            </BuildableReference>
         </TestableReference>
         <TestableReference
            skipped = "NO">
            <BuildableReference
               BuildableIdentifier = "primary"
               BlueprintIdentifier = "498A2283237CD88A007AF5FB"
               BuildableName = "DailyDozenUITests.xctest"
               BlueprintName = "DailyDozenUITests"
               ReferencedContainer = "container:DailyDozen.xcodeproj">
            </BuildableReference>
         </TestableReference>
      </Testables>
   </TestAction>
   <LaunchAction
      buildConfiguration = "Debug"
      selectedDebuggerIdentifier = "Xcode.DebuggerFoundation.Debugger.LLDB"
      selectedLauncherIdentifier = "Xcode.DebuggerFoundation.Launcher.LLDB"
      launchStyle = "0"
      useCustomWorkingDirectory = "NO"
      ignoresPersistentStateOnLaunch = "NO"
      debugDocumentVersioning = "YES"
      debugServiceExtension = "internal"
      allowLocationSimulation = "YES">
      <BuildableProductRunnable
         runnableDebuggingMode = "0">
         <BuildableReference
            BuildableIdentifier = "primary"
            BlueprintIdentifier = "CFE698371F974B9700CD7905"
            BuildableName = "DailyDozen.app"
            BlueprintName = "DailyDozen"
            ReferencedContainer = "container:DailyDozen.xcodeproj">
         </BuildableReference>
      </BuildableProductRunnable>
   </LaunchAction>
   <ProfileAction
      buildConfiguration = "Release"
      shouldUseLaunchSchemeArgsEnv = "YES"
      savedToolIdentifier = ""
      useCustomWorkingDirectory = "NO"
      debugDocumentVersioning = "YES">
      <BuildableProductRunnable
         runnableDebuggingMode = "0">
         <BuildableReference
            BuildableIdentifier = "primary"
            BlueprintIdentifier = "CFE698371F974B9700CD7905"
            BuildableName = "DailyDozen.app"
            BlueprintName = "DailyDozen"
            ReferencedContainer = "container:DailyDozen.xcodeproj">
         </BuildableReference>
      </BuildableProductRunnable>
   </ProfileAction>
   <AnalyzeAction
      buildConfiguration = "Debug">
   </AnalyzeAction>
   <ArchiveAction
      buildConfiguration = "Release"
      revealArchiveInOrganizer = "YES">
   </ArchiveAction>
</Scheme>
