// !$*UTF8*$!
{
	archiveVersion = 1;
	classes = {
	};
	objectVersion = 56;
	objects = {

/* Begin PBXBuildFile section */
		4C06ADCD2BC8B66C00E37107 /* AllSomeFooterView.swift in Sources */ = {isa = PBXBuildFile; fileRef = 4C06ADCC2BC8B66C00E37107 /* AllSomeFooterView.swift */; };
		4C20E28B2BF06F2C00F3998C /* LaunchScreen.storyboard in Resources */ = {isa = PBXBuildFile; fileRef = 4C20E28A2BF06F2C00F3998C /* LaunchScreen.storyboard */; };
		4C20E28D2BF06F3200F3998C /* Main.storyboard in Resources */ = {isa = PBXBuildFile; fileRef = 4C20E28C2BF06F3200F3998C /* Main.storyboard */; };
		4C20E2902BF06F6000F3998C /* Localizable.strings in Resources */ = {isa = PBXBuildFile; fileRef = 4C20E28F2BF06F6000F3998C /* Localizable.strings */; };
		4C20E2942BF0713F00F3998C /* AppFuture.swift in Sources */ = {isa = PBXBuildFile; fileRef = 4C20E2932BF0713F00F3998C /* AppFuture.swift */; };
		4C22973A2ACCB0F2004D8D4B /* ColorManager.swift in Sources */ = {isa = PBXBuildFile; fileRef = 4C2297392ACCB0F2004D8D4B /* ColorManager.swift */; };
		4C22973C2ACCB13A004D8D4B /* Colors.swift in Sources */ = {isa = PBXBuildFile; fileRef = 4C22973B2ACCB13A004D8D4B /* Colors.swift */; };
		4CC842402ACB44E000BC04AA /* InfoMenuAboutLayout.storyboard in Resources */ = {isa = PBXBuildFile; fileRef = 4CC8423F2ACB44DF00BC04AA /* InfoMenuAboutLayout.storyboard */; };
		4CCB3C5A2BC88BF500F18065 /* Event.swift in Sources */ = {isa = PBXBuildFile; fileRef = 4CCB3C572BC88BF500F18065 /* Event.swift */; };
		4CCB3C5B2BC88BF500F18065 /* CalendarView.swift in Sources */ = {isa = PBXBuildFile; fileRef = 4CCB3C582BC88BF500F18065 /* CalendarView.swift */; };
		4CCB3C5C2BC88BF500F18065 /* EventStore.swift in Sources */ = {isa = PBXBuildFile; fileRef = 4CCB3C592BC88BF500F18065 /* EventStore.swift */; };
		4CCB3C5F2BC88C0500F18065 /* EventsCalendarView.swift in Sources */ = {isa = PBXBuildFile; fileRef = 4CCB3C5D2BC88C0500F18065 /* EventsCalendarView.swift */; };
		4CCB3C602BC88C0500F18065 /* Extensions.swift in Sources */ = {isa = PBXBuildFile; fileRef = 4CCB3C5E2BC88C0500F18065 /* Extensions.swift */; };
		4CCB3C622BC88C3C00F18065 /* Extras.swift in Sources */ = {isa = PBXBuildFile; fileRef = 4CCB3C612BC88C3C00F18065 /* Extras.swift */; };
		4CD7E64B2AC7BE5D00456A2B /* AppDelegate.swift in Sources */ = {isa = PBXBuildFile; fileRef = 4CD7E64A2AC7BE5D00456A2B /* AppDelegate.swift */; };
		4CD7E64D2AC7BE5D00456A2B /* SceneDelegate.swift in Sources */ = {isa = PBXBuildFile; fileRef = 4CD7E64C2AC7BE5D00456A2B /* SceneDelegate.swift */; };
		4CD7E64F2AC7BE5D00456A2B /* ViewController.swift in Sources */ = {isa = PBXBuildFile; fileRef = 4CD7E64E2AC7BE5D00456A2B /* ViewController.swift */; };
		4CD7E6542AC7BE5F00456A2B /* Assets.xcassets in Resources */ = {isa = PBXBuildFile; fileRef = 4CD7E6532AC7BE5F00456A2B /* Assets.xcassets */; };
/* End PBXBuildFile section */

/* Begin PBXFileReference section */
		4C06ADCC2BC8B66C00E37107 /* AllSomeFooterView.swift */ = {isa = PBXFileReference; fileEncoding = 4; lastKnownFileType = sourcecode.swift; path = AllSomeFooterView.swift; sourceTree = "<group>"; };
		4C20E28A2BF06F2C00F3998C /* LaunchScreen.storyboard */ = {isa = PBXFileReference; lastKnownFileType = file.storyboard; path = LaunchScreen.storyboard; sourceTree = "<group>"; };
		4C20E28C2BF06F3200F3998C /* Main.storyboard */ = {isa = PBXFileReference; lastKnownFileType = file.storyboard; path = Main.storyboard; sourceTree = "<group>"; };
		4C20E28E2BF06F6000F3998C /* en */ = {isa = PBXFileReference; lastKnownFileType = text.plist.strings; name = en; path = en.lproj/Localizable.strings; sourceTree = "<group>"; };
		4C20E2912BF06F7400F3998C /* es */ = {isa = PBXFileReference; lastKnownFileType = text.plist.strings; name = es; path = es.lproj/Localizable.strings; sourceTree = "<group>"; };
		4C20E2922BF06F8400F3998C /* fa */ = {isa = PBXFileReference; lastKnownFileType = text.plist.strings; name = fa; path = fa.lproj/Localizable.strings; sourceTree = "<group>"; };
		4C20E2932BF0713F00F3998C /* AppFuture.swift */ = {isa = PBXFileReference; fileEncoding = 4; lastKnownFileType = sourcecode.swift; path = AppFuture.swift; sourceTree = "<group>"; };
		4C2297392ACCB0F2004D8D4B /* ColorManager.swift */ = {isa = PBXFileReference; lastKnownFileType = sourcecode.swift; path = ColorManager.swift; sourceTree = "<group>"; };
		4C22973B2ACCB13A004D8D4B /* Colors.swift */ = {isa = PBXFileReference; lastKnownFileType = sourcecode.swift; path = Colors.swift; sourceTree = "<group>"; };
		4CC8423F2ACB44DF00BC04AA /* InfoMenuAboutLayout.storyboard */ = {isa = PBXFileReference; fileEncoding = 4; lastKnownFileType = file.storyboard; path = InfoMenuAboutLayout.storyboard; sourceTree = "<group>"; };
		4CCB3C572BC88BF500F18065 /* Event.swift */ = {isa = PBXFileReference; fileEncoding = 4; lastKnownFileType = sourcecode.swift; path = Event.swift; sourceTree = "<group>"; };
		4CCB3C582BC88BF500F18065 /* CalendarView.swift */ = {isa = PBXFileReference; fileEncoding = 4; lastKnownFileType = sourcecode.swift; path = CalendarView.swift; sourceTree = "<group>"; };
		4CCB3C592BC88BF500F18065 /* EventStore.swift */ = {isa = PBXFileReference; fileEncoding = 4; lastKnownFileType = sourcecode.swift; path = EventStore.swift; sourceTree = "<group>"; };
		4CCB3C5D2BC88C0500F18065 /* EventsCalendarView.swift */ = {isa = PBXFileReference; fileEncoding = 4; lastKnownFileType = sourcecode.swift; path = EventsCalendarView.swift; sourceTree = "<group>"; };
		4CCB3C5E2BC88C0500F18065 /* Extensions.swift */ = {isa = PBXFileReference; fileEncoding = 4; lastKnownFileType = sourcecode.swift; path = Extensions.swift; sourceTree = "<group>"; };
		4CCB3C612BC88C3C00F18065 /* Extras.swift */ = {isa = PBXFileReference; fileEncoding = 4; lastKnownFileType = sourcecode.swift; path = Extras.swift; sourceTree = "<group>"; };
		4CD7E6472AC7BE5D00456A2B /* UICalendarMyOwnTest.app */ = {isa = PBXFileReference; explicitFileType = wrapper.application; includeInIndex = 0; path = UICalendarMyOwnTest.app; sourceTree = BUILT_PRODUCTS_DIR; };
		4CD7E64A2AC7BE5D00456A2B /* AppDelegate.swift */ = {isa = PBXFileReference; lastKnownFileType = sourcecode.swift; path = AppDelegate.swift; sourceTree = "<group>"; };
		4CD7E64C2AC7BE5D00456A2B /* SceneDelegate.swift */ = {isa = PBXFileReference; lastKnownFileType = sourcecode.swift; path = SceneDelegate.swift; sourceTree = "<group>"; };
		4CD7E64E2AC7BE5D00456A2B /* ViewController.swift */ = {isa = PBXFileReference; lastKnownFileType = sourcecode.swift; path = ViewController.swift; sourceTree = "<group>"; };
		4CD7E6532AC7BE5F00456A2B /* Assets.xcassets */ = {isa = PBXFileReference; lastKnownFileType = folder.assetcatalog; path = Assets.xcassets; sourceTree = "<group>"; };
		4CD7E6582AC7BE5F00456A2B /* Info.plist */ = {isa = PBXFileReference; lastKnownFileType = text.plist.xml; path = Info.plist; sourceTree = "<group>"; };
/* End PBXFileReference section */

/* Begin PBXFrameworksBuildPhase section */
		4CD7E6442AC7BE5D00456A2B /* Frameworks */ = {
			isa = PBXFrameworksBuildPhase;
			buildActionMask = 2147483647;
			files = (
			);
			runOnlyForDeploymentPostprocessing = 0;
		};
/* End PBXFrameworksBuildPhase section */

/* Begin PBXGroup section */
		4C20E2892BF06EA800F3998C /* LocalStrings */ = {
			isa = PBXGroup;
			children = (
				4C20E28F2BF06F6000F3998C /* Localizable.strings */,
			);
			path = LocalStrings;
			sourceTree = "<group>";
		};
		4CCB3C562BC88BA100F18065 /* CalendarSection */ = {
			isa = PBXGroup;
			children = (
				4C06ADCC2BC8B66C00E37107 /* AllSomeFooterView.swift */,
				4CCB3C582BC88BF500F18065 /* CalendarView.swift */,
				4CCB3C572BC88BF500F18065 /* Event.swift */,
				4CCB3C5D2BC88C0500F18065 /* EventsCalendarView.swift */,
				4CCB3C592BC88BF500F18065 /* EventStore.swift */,
				4CCB3C5E2BC88C0500F18065 /* Extensions.swift */,
				4CCB3C612BC88C3C00F18065 /* Extras.swift */,
			);
			path = CalendarSection;
			sourceTree = "<group>";
		};
		4CD7E63E2AC7BE5D00456A2B = {
			isa = PBXGroup;
			children = (
				4CD7E6492AC7BE5D00456A2B /* UICalendarMyOwnTest */,
				4CD7E6482AC7BE5D00456A2B /* Products */,
			);
			sourceTree = "<group>";
		};
		4CD7E6482AC7BE5D00456A2B /* Products */ = {
			isa = PBXGroup;
			children = (
				4CD7E6472AC7BE5D00456A2B /* UICalendarMyOwnTest.app */,
			);
			name = Products;
			sourceTree = "<group>";
		};
		4CD7E6492AC7BE5D00456A2B /* UICalendarMyOwnTest */ = {
			isa = PBXGroup;
			children = (
				4CD7E64A2AC7BE5D00456A2B /* AppDelegate.swift */,
				4C20E2932BF0713F00F3998C /* AppFuture.swift */,
				4C22973B2ACCB13A004D8D4B /* Colors.swift */,
				4C2297392ACCB0F2004D8D4B /* ColorManager.swift */,
				4CD7E64C2AC7BE5D00456A2B /* SceneDelegate.swift */,
				4CD7E64E2AC7BE5D00456A2B /* ViewController.swift */,
				4CCB3C562BC88BA100F18065 /* CalendarSection */,
				4C20E2892BF06EA800F3998C /* LocalStrings */,
				4CD7E6532AC7BE5F00456A2B /* Assets.xcassets */,
				4C20E28C2BF06F3200F3998C /* Main.storyboard */,
				4CC8423F2ACB44DF00BC04AA /* InfoMenuAboutLayout.storyboard */,
				4C20E28A2BF06F2C00F3998C /* LaunchScreen.storyboard */,
				4CD7E6582AC7BE5F00456A2B /* Info.plist */,
			);
			path = UICalendarMyOwnTest;
			sourceTree = "<group>";
		};
/* End PBXGroup section */

/* Begin PBXNativeTarget section */
		4CD7E6462AC7BE5D00456A2B /* UICalendarMyOwnTest */ = {
			isa = PBXNativeTarget;
			buildConfigurationList = 4CD7E65B2AC7BE5F00456A2B /* Build configuration list for PBXNativeTarget "UICalendarMyOwnTest" */;
			buildPhases = (
				4CD7E6432AC7BE5D00456A2B /* Sources */,
				4CD7E6442AC7BE5D00456A2B /* Frameworks */,
				4CD7E6452AC7BE5D00456A2B /* Resources */,
				4C4302452BF8177F00830D7F /* Script: Swift Lint */,
			);
			buildRules = (
			);
			dependencies = (
			);
			name = UICalendarMyOwnTest;
			productName = UICalendarMyOwnTest;
			productReference = 4CD7E6472AC7BE5D00456A2B /* UICalendarMyOwnTest.app */;
			productType = "com.apple.product-type.application";
		};
/* End PBXNativeTarget section */

/* Begin PBXProject section */
		4CD7E63F2AC7BE5D00456A2B /* Project object */ = {
			isa = PBXProject;
			attributes = {
				BuildIndependentTargetsInParallel = 1;
				LastSwiftUpdateCheck = 1500;
				LastUpgradeCheck = 1500;
				TargetAttributes = {
					4CD7E6462AC7BE5D00456A2B = {
						CreatedOnToolsVersion = 15.0;
					};
				};
			};
			buildConfigurationList = 4CD7E6422AC7BE5D00456A2B /* Build configuration list for PBXProject "UICalendarMyOwnTest" */;
			compatibilityVersion = "Xcode 14.0";
			developmentRegion = en;
			hasScannedForEncodings = 0;
			knownRegions = (
				en,
				Base,
				es,
				fa,
			);
			mainGroup = 4CD7E63E2AC7BE5D00456A2B;
			productRefGroup = 4CD7E6482AC7BE5D00456A2B /* Products */;
			projectDirPath = "";
			projectRoot = "";
			targets = (
				4CD7E6462AC7BE5D00456A2B /* UICalendarMyOwnTest */,
			);
		};
/* End PBXProject section */

/* Begin PBXResourcesBuildPhase section */
		4CD7E6452AC7BE5D00456A2B /* Resources */ = {
			isa = PBXResourcesBuildPhase;
			buildActionMask = 2147483647;
			files = (
				4C20E2902BF06F6000F3998C /* Localizable.strings in Resources */,
				4C20E28B2BF06F2C00F3998C /* LaunchScreen.storyboard in Resources */,
				4CD7E6542AC7BE5F00456A2B /* Assets.xcassets in Resources */,
				4C20E28D2BF06F3200F3998C /* Main.storyboard in Resources */,
				4CC842402ACB44E000BC04AA /* InfoMenuAboutLayout.storyboard in Resources */,
			);
			runOnlyForDeploymentPostprocessing = 0;
		};
/* End PBXResourcesBuildPhase section */

/* Begin PBXShellScriptBuildPhase section */
		4C4302452BF8177F00830D7F /* Script: Swift Lint */ = {
			isa = PBXShellScriptBuildPhase;
			alwaysOutOfDate = 1;
			buildActionMask = 2147483647;
			files = (
			);
			inputFileListPaths = (
			);
			inputPaths = (
			);
			name = "Script: Swift Lint";
			outputFileListPaths = (
			);
			outputPaths = (
			);
			runOnlyForDeploymentPostprocessing = 0;
			shellPath = /bin/sh;
			shellScript = "echo \":BEGIN: Build Phases SwiftLint\"\nif which swiftlint >/dev/null; then\nswiftlint\nelse\necho \"warning: SwiftLint not installed, download from https://github.com/realm/SwiftLint\"\nfi\n";
		};
/* End PBXShellScriptBuildPhase section */

/* Begin PBXSourcesBuildPhase section */
		4CD7E6432AC7BE5D00456A2B /* Sources */ = {
			isa = PBXSourcesBuildPhase;
			buildActionMask = 2147483647;
			files = (
				4CD7E64F2AC7BE5D00456A2B /* ViewController.swift in Sources */,
				4CCB3C622BC88C3C00F18065 /* Extras.swift in Sources */,
				4CD7E64B2AC7BE5D00456A2B /* AppDelegate.swift in Sources */,
				4CCB3C5C2BC88BF500F18065 /* EventStore.swift in Sources */,
				4C20E2942BF0713F00F3998C /* AppFuture.swift in Sources */,
				4CCB3C5A2BC88BF500F18065 /* Event.swift in Sources */,
				4C22973C2ACCB13A004D8D4B /* Colors.swift in Sources */,
				4CCB3C5B2BC88BF500F18065 /* CalendarView.swift in Sources */,
				4C06ADCD2BC8B66C00E37107 /* AllSomeFooterView.swift in Sources */,
				4C22973A2ACCB0F2004D8D4B /* ColorManager.swift in Sources */,
				4CCB3C5F2BC88C0500F18065 /* EventsCalendarView.swift in Sources */,
				4CD7E64D2AC7BE5D00456A2B /* SceneDelegate.swift in Sources */,
				4CCB3C602BC88C0500F18065 /* Extensions.swift in Sources */,
			);
			runOnlyForDeploymentPostprocessing = 0;
		};
/* End PBXSourcesBuildPhase section */

/* Begin PBXVariantGroup section */
		4C20E28F2BF06F6000F3998C /* Localizable.strings */ = {
			isa = PBXVariantGroup;
			children = (
				4C20E28E2BF06F6000F3998C /* en */,
				4C20E2912BF06F7400F3998C /* es */,
				4C20E2922BF06F8400F3998C /* fa */,
			);
			name = Localizable.strings;
			sourceTree = "<group>";
		};
/* End PBXVariantGroup section */

/* Begin XCBuildConfiguration section */
		4CD7E6592AC7BE5F00456A2B /* Debug */ = {
			isa = XCBuildConfiguration;
			buildSettings = {
				ALWAYS_SEARCH_USER_PATHS = NO;
				ASSETCATALOG_COMPILER_GENERATE_SWIFT_ASSET_SYMBOL_EXTENSIONS = YES;
				CLANG_ANALYZER_LOCALIZABILITY_NONLOCALIZED = YES;
				CLANG_ANALYZER_NONNULL = YES;
				CLANG_ANALYZER_NUMBER_OBJECT_CONVERSION = YES_AGGRESSIVE;
				CLANG_CXX_LANGUAGE_STANDARD = "gnu++20";
				CLANG_ENABLE_MODULES = YES;
				CLANG_ENABLE_OBJC_ARC = YES;
				CLANG_ENABLE_OBJC_WEAK = YES;
				CLANG_WARN_BLOCK_CAPTURE_AUTORELEASING = YES;
				CLANG_WARN_BOOL_CONVERSION = YES;
				CLANG_WARN_COMMA = YES;
				CLANG_WARN_CONSTANT_CONVERSION = YES;
				CLANG_WARN_DEPRECATED_OBJC_IMPLEMENTATIONS = YES;
				CLANG_WARN_DIRECT_OBJC_ISA_USAGE = YES_ERROR;
				CLANG_WARN_DOCUMENTATION_COMMENTS = YES;
				CLANG_WARN_EMPTY_BODY = YES;
				CLANG_WARN_ENUM_CONVERSION = YES;
				CLANG_WARN_INFINITE_RECURSION = YES;
				CLANG_WARN_INT_CONVERSION = YES;
				CLANG_WARN_NON_LITERAL_NULL_CONVERSION = YES;
				CLANG_WARN_OBJC_IMPLICIT_RETAIN_SELF = YES;
				CLANG_WARN_OBJC_LITERAL_CONVERSION = YES;
				CLANG_WARN_OBJC_ROOT_CLASS = YES_ERROR;
				CLANG_WARN_QUOTED_INCLUDE_IN_FRAMEWORK_HEADER = YES;
				CLANG_WARN_RANGE_LOOP_ANALYSIS = YES;
				CLANG_WARN_STRICT_PROTOTYPES = YES;
				CLANG_WARN_SUSPICIOUS_MOVE = YES;
				CLANG_WARN_UNGUARDED_AVAILABILITY = YES_AGGRESSIVE;
				CLANG_WARN_UNREACHABLE_CODE = YES;
				CLANG_WARN__DUPLICATE_METHOD_MATCH = YES;
				COPY_PHASE_STRIP = NO;
				DEBUG_INFORMATION_FORMAT = dwarf;
				ENABLE_STRICT_OBJC_MSGSEND = YES;
				ENABLE_TESTABILITY = YES;
				ENABLE_USER_SCRIPT_SANDBOXING = NO;
				GCC_C_LANGUAGE_STANDARD = gnu17;
				GCC_DYNAMIC_NO_PIC = NO;
				GCC_NO_COMMON_BLOCKS = YES;
				GCC_OPTIMIZATION_LEVEL = 0;
				GCC_PREPROCESSOR_DEFINITIONS = (
					"DEBUG=1",
					"$(inherited)",
				);
				GCC_WARN_64_TO_32_BIT_CONVERSION = YES;
				GCC_WARN_ABOUT_RETURN_TYPE = YES_ERROR;
				GCC_WARN_UNDECLARED_SELECTOR = YES;
				GCC_WARN_UNINITIALIZED_AUTOS = YES_AGGRESSIVE;
				GCC_WARN_UNUSED_FUNCTION = YES;
				GCC_WARN_UNUSED_VARIABLE = YES;
				IPHONEOS_DEPLOYMENT_TARGET = 17.0;
				LOCALIZATION_PREFERS_STRING_CATALOGS = YES;
				MTL_ENABLE_DEBUG_INFO = INCLUDE_SOURCE;
				MTL_FAST_MATH = YES;
				ONLY_ACTIVE_ARCH = YES;
				SDKROOT = iphoneos;
				SWIFT_ACTIVE_COMPILATION_CONDITIONS = "DEBUG $(inherited)";
				SWIFT_OPTIMIZATION_LEVEL = "-Onone";
			};
			name = Debug;
		};
		4CD7E65A2AC7BE5F00456A2B /* Release */ = {
			isa = XCBuildConfiguration;
			buildSettings = {
				ALWAYS_SEARCH_USER_PATHS = NO;
				ASSETCATALOG_COMPILER_GENERATE_SWIFT_ASSET_SYMBOL_EXTENSIONS = YES;
				CLANG_ANALYZER_LOCALIZABILITY_NONLOCALIZED = YES;
				CLANG_ANALYZER_NONNULL = YES;
				CLANG_ANALYZER_NUMBER_OBJECT_CONVERSION = YES_AGGRESSIVE;
				CLANG_CXX_LANGUAGE_STANDARD = "gnu++20";
				CLANG_ENABLE_MODULES = YES;
				CLANG_ENABLE_OBJC_ARC = YES;
				CLANG_ENABLE_OBJC_WEAK = YES;
				CLANG_WARN_BLOCK_CAPTURE_AUTORELEASING = YES;
				CLANG_WARN_BOOL_CONVERSION = YES;
				CLANG_WARN_COMMA = YES;
				CLANG_WARN_CONSTANT_CONVERSION = YES;
				CLANG_WARN_DEPRECATED_OBJC_IMPLEMENTATIONS = YES;
				CLANG_WARN_DIRECT_OBJC_ISA_USAGE = YES_ERROR;
				CLANG_WARN_DOCUMENTATION_COMMENTS = YES;
				CLANG_WARN_EMPTY_BODY = YES;
				CLANG_WARN_ENUM_CONVERSION = YES;
				CLANG_WARN_INFINITE_RECURSION = YES;
				CLANG_WARN_INT_CONVERSION = YES;
				CLANG_WARN_NON_LITERAL_NULL_CONVERSION = YES;
				CLANG_WARN_OBJC_IMPLICIT_RETAIN_SELF = YES;
				CLANG_WARN_OBJC_LITERAL_CONVERSION = YES;
				CLANG_WARN_OBJC_ROOT_CLASS = YES_ERROR;
				CLANG_WARN_QUOTED_INCLUDE_IN_FRAMEWORK_HEADER = YES;
				CLANG_WARN_RANGE_LOOP_ANALYSIS = YES;
				CLANG_WARN_STRICT_PROTOTYPES = YES;
				CLANG_WARN_SUSPICIOUS_MOVE = YES;
				CLANG_WARN_UNGUARDED_AVAILABILITY = YES_AGGRESSIVE;
				CLANG_WARN_UNREACHABLE_CODE = YES;
				CLANG_WARN__DUPLICATE_METHOD_MATCH = YES;
				COPY_PHASE_STRIP = NO;
				DEBUG_INFORMATION_FORMAT = "dwarf-with-dsym";
				ENABLE_NS_ASSERTIONS = NO;
				ENABLE_STRICT_OBJC_MSGSEND = YES;
				ENABLE_USER_SCRIPT_SANDBOXING = NO;
				GCC_C_LANGUAGE_STANDARD = gnu17;
				GCC_NO_COMMON_BLOCKS = YES;
				GCC_WARN_64_TO_32_BIT_CONVERSION = YES;
				GCC_WARN_ABOUT_RETURN_TYPE = YES_ERROR;
				GCC_WARN_UNDECLARED_SELECTOR = YES;
				GCC_WARN_UNINITIALIZED_AUTOS = YES_AGGRESSIVE;
				GCC_WARN_UNUSED_FUNCTION = YES;
				GCC_WARN_UNUSED_VARIABLE = YES;
				IPHONEOS_DEPLOYMENT_TARGET = 17.0;
				LOCALIZATION_PREFERS_STRING_CATALOGS = YES;
				MTL_ENABLE_DEBUG_INFO = NO;
				MTL_FAST_MATH = YES;
				SDKROOT = iphoneos;
				SWIFT_COMPILATION_MODE = wholemodule;
				VALIDATE_PRODUCT = YES;
			};
			name = Release;
		};
		4CD7E65C2AC7BE5F00456A2B /* Debug */ = {
			isa = XCBuildConfiguration;
			buildSettings = {
				ASSETCATALOG_COMPILER_APPICON_NAME = AppIcon;
				ASSETCATALOG_COMPILER_GLOBAL_ACCENT_COLOR_NAME = AccentColor;
				CODE_SIGN_STYLE = Automatic;
				CURRENT_PROJECT_VERSION = 1;
				DEVELOPMENT_TEAM = FCYU6566RZ;
				GENERATE_INFOPLIST_FILE = YES;
				INFOPLIST_FILE = UICalendarMyOwnTest/Info.plist;
				INFOPLIST_KEY_UIApplicationSupportsIndirectInputEvents = YES;
				INFOPLIST_KEY_UILaunchStoryboardName = LaunchScreen;
				INFOPLIST_KEY_UIMainStoryboardFile = Main;
				INFOPLIST_KEY_UISupportedInterfaceOrientations_iPad = "UIInterfaceOrientationPortrait UIInterfaceOrientationPortraitUpsideDown UIInterfaceOrientationLandscapeLeft UIInterfaceOrientationLandscapeRight";
				INFOPLIST_KEY_UISupportedInterfaceOrientations_iPhone = "UIInterfaceOrientationPortrait UIInterfaceOrientationLandscapeLeft UIInterfaceOrientationLandscapeRight";
				IPHONEOS_DEPLOYMENT_TARGET = 16.0;
				LD_RUNPATH_SEARCH_PATHS = (
					"$(inherited)",
					"@executable_path/Frameworks",
				);
				MARKETING_VERSION = 1.0;
				PRODUCT_BUNDLE_IDENTIFIER = com.18hats.tinker.UICalendarMyOwnTest;
				PRODUCT_NAME = "$(TARGET_NAME)";
				SWIFT_EMIT_LOC_STRINGS = YES;
				SWIFT_VERSION = 5.0;
				TARGETED_DEVICE_FAMILY = "1,2";
			};
			name = Debug;
		};
		4CD7E65D2AC7BE5F00456A2B /* Release */ = {
			isa = XCBuildConfiguration;
			buildSettings = {
				ASSETCATALOG_COMPILER_APPICON_NAME = AppIcon;
				ASSETCATALOG_COMPILER_GLOBAL_ACCENT_COLOR_NAME = AccentColor;
				CODE_SIGN_STYLE = Automatic;
				CURRENT_PROJECT_VERSION = 1;
				DEVELOPMENT_TEAM = FCYU6566RZ;
				GENERATE_INFOPLIST_FILE = YES;
				INFOPLIST_FILE = UICalendarMyOwnTest/Info.plist;
				INFOPLIST_KEY_UIApplicationSupportsIndirectInputEvents = YES;
				INFOPLIST_KEY_UILaunchStoryboardName = LaunchScreen;
				INFOPLIST_KEY_UIMainStoryboardFile = Main;
				INFOPLIST_KEY_UISupportedInterfaceOrientations_iPad = "UIInterfaceOrientationPortrait UIInterfaceOrientationPortraitUpsideDown UIInterfaceOrientationLandscapeLeft UIInterfaceOrientationLandscapeRight";
				INFOPLIST_KEY_UISupportedInterfaceOrientations_iPhone = "UIInterfaceOrientationPortrait UIInterfaceOrientationLandscapeLeft UIInterfaceOrientationLandscapeRight";
				IPHONEOS_DEPLOYMENT_TARGET = 16.0;
				LD_RUNPATH_SEARCH_PATHS = (
					"$(inherited)",
					"@executable_path/Frameworks",
				);
				MARKETING_VERSION = 1.0;
				PRODUCT_BUNDLE_IDENTIFIER = com.18hats.tinker.UICalendarMyOwnTest;
				PRODUCT_NAME = "$(TARGET_NAME)";
				SWIFT_EMIT_LOC_STRINGS = YES;
				SWIFT_VERSION = 5.0;
				TARGETED_DEVICE_FAMILY = "1,2";
			};
			name = Release;
		};
/* End XCBuildConfiguration section */

/* Begin XCConfigurationList section */
		4CD7E6422AC7BE5D00456A2B /* Build configuration list for PBXProject "UICalendarMyOwnTest" */ = {
			isa = XCConfigurationList;
			buildConfigurations = (
				4CD7E6592AC7BE5F00456A2B /* Debug */,
				4CD7E65A2AC7BE5F00456A2B /* Release */,
			);
			defaultConfigurationIsVisible = 0;
			defaultConfigurationName = Release;
		};
		4CD7E65B2AC7BE5F00456A2B /* Build configuration list for PBXNativeTarget "UICalendarMyOwnTest" */ = {
			isa = XCConfigurationList;
			buildConfigurations = (
				4CD7E65C2AC7BE5F00456A2B /* Debug */,
				4CD7E65D2AC7BE5F00456A2B /* Release */,
			);
			defaultConfigurationIsVisible = 0;
			defaultConfigurationName = Release;
		};
/* End XCConfigurationList section */
	};
	rootObject = 4CD7E63F2AC7BE5D00456A2B /* Project object */;
}
