PODS:
  - Realm (3.0.0):
    - Realm/Headers (= 3.0.0)
  - Realm/Headers (3.0.0)
  - RealmSwift (3.0.0):
    - Realm (= 3.0.0)
  - UICheckbox.Swift (1.0.0)

DEPENDENCIES:
  - RealmSwift (~> 3.0)
  - UICheckbox.Swift (~> 1.0)

SPEC CHECKSUMS:
  Realm: dec0de73be8c57506e39db72694d513c189493b3
  RealmSwift: 44a7090b16d1b22a406c6bf129bdd602db1bbecc
  UICheckbox.Swift: 85715689206fac5bae38b308f19c2a3e00442c3b

PODFILE CHECKSUM: 8312bf96519602c020675137de64457febe175bf

COCOAPODS: 1.2.0
