PODS:
  - ActiveLabel (1.1.0)
  - Charts (4.1.0):
    - Charts/Core (= 4.1.0)
  - Charts/Core (4.1.0):
    - SwiftAlgorithms (~> 1.0)
  - Firebase/AnalyticsWithoutAdIdSupport (10.11.0):
    - Firebase/CoreOnly
    - FirebaseAnalytics/WithoutAdIdSupport (~> 10.11.0)
  - Firebase/CoreOnly (10.11.0):
    - FirebaseCore (= 10.11.0)
  - FirebaseAnalytics/WithoutAdIdSupport (10.11.0):
    - FirebaseCore (~> 10.0)
    - FirebaseInstallations (~> 10.0)
    - GoogleAppMeasurement/WithoutAdIdSupport (= 10.11.0)
    - GoogleUtilities/AppDelegateSwizzler (~> 7.11)
    - GoogleUtilities/MethodSwizzler (~> 7.11)
    - GoogleUtilities/Network (~> 7.11)
    - "GoogleUtilities/NSData+zlib (~> 7.11)"
    - nanopb (< 2.30910.0, >= 2.30908.0)
  - FirebaseCore (10.11.0):
    - FirebaseCoreInternal (~> 10.0)
    - GoogleUtilities/Environment (~> 7.8)
    - GoogleUtilities/Logger (~> 7.8)
  - FirebaseCoreInternal (10.11.0):
    - "GoogleUtilities/NSData+zlib (~> 7.8)"
  - FirebaseInstallations (10.11.0):
    - FirebaseCore (~> 10.0)
    - GoogleUtilities/Environment (~> 7.8)
    - GoogleUtilities/UserDefaults (~> 7.8)
    - PromisesObjC (~> 2.1)
  - FSCalendar (2.8.4)
  - GoogleAppMeasurement/WithoutAdIdSupport (10.11.0):
    - GoogleUtilities/AppDelegateSwizzler (~> 7.11)
    - GoogleUtilities/MethodSwizzler (~> 7.11)
    - GoogleUtilities/Network (~> 7.11)
    - "GoogleUtilities/NSData+zlib (~> 7.11)"
    - nanopb (< 2.30910.0, >= 2.30908.0)
  - GoogleUtilities/AppDelegateSwizzler (7.11.1):
    - GoogleUtilities/Environment
    - GoogleUtilities/Logger
    - GoogleUtilities/Network
  - GoogleUtilities/Environment (7.11.1):
    - PromisesObjC (< 3.0, >= 1.2)
  - GoogleUtilities/Logger (7.11.1):
    - GoogleUtilities/Environment
  - GoogleUtilities/MethodSwizzler (7.11.1):
    - GoogleUtilities/Logger
  - GoogleUtilities/Network (7.11.1):
    - GoogleUtilities/Logger
    - "GoogleUtilities/NSData+zlib"
    - GoogleUtilities/Reachability
  - "GoogleUtilities/NSData+zlib (7.11.1)"
  - GoogleUtilities/Reachability (7.11.1):
    - GoogleUtilities/Logger
  - GoogleUtilities/UserDefaults (7.11.1):
    - GoogleUtilities/Logger
  - nanopb (2.30909.0):
    - nanopb/decode (= 2.30909.0)
    - nanopb/encode (= 2.30909.0)
  - nanopb/decode (2.30909.0)
  - nanopb/encode (2.30909.0)
  - PromisesObjC (2.2.0)
  - Realm (4.4.1):
    - Realm/Headers (= 4.4.1)
  - Realm/Headers (4.4.1)
  - RealmSwift (4.4.1):
    - Realm (= 4.4.1)
  - SimpleAnimation (0.4.2)
  - SwiftAlgorithms (1.0.0)

DEPENDENCIES:
  - ActiveLabel (~> 1.1.0)
  - Charts (~> 4.1.0)
  - Firebase/AnalyticsWithoutAdIdSupport
  - FSCalendar (~> 2.8.4)
  - RealmSwift (~> 4.4.1)
  - SimpleAnimation (~> 0.4.2)

SPEC REPOS:
  trunk:
    - ActiveLabel
    - Charts
    - Firebase
    - FirebaseAnalytics
    - FirebaseCore
    - FirebaseCoreInternal
    - FirebaseInstallations
    - FSCalendar
    - GoogleAppMeasurement
    - GoogleUtilities
    - nanopb
    - PromisesObjC
    - Realm
    - RealmSwift
    - SimpleAnimation
    - SwiftAlgorithms

SPEC CHECKSUMS:
  ActiveLabel: 5e3f4de79a1952d4604b845a0610d4776e4b82b3
  Charts: ce0768268078eee0336f122c3c4ca248e4e204c5
  Firebase: 31d9575c124839fb5abc0db6d39511cc1dab1b85
  FirebaseAnalytics: 6c6bf99e8854475bf1fa342028841be8ecd236da
  FirebaseCore: 62fd4d549f5e3f3bd52b7998721c5fa0557fb355
  FirebaseCoreInternal: 9e46c82a14a3b3a25be4e1e151ce6d21536b89c0
  FirebaseInstallations: 2a2c6859354cbec0a228a863d4daf6de7c74ced4
  FSCalendar: 2d1d0d9398f12d439f55c1fe0f01525b151b8260
  GoogleAppMeasurement: d3dabccdb336fc0ae44b633c8abaa26559893cd9
  GoogleUtilities: 9aa0ad5a7bc171f8bae016300bfcfa3fb8425749
  nanopb: b552cce312b6c8484180ef47159bc0f65a1f0431
  PromisesObjC: 09985d6d70fbe7878040aa746d78236e6946d2ef
  Realm: 4eb04d7487bd43c0581256f40b424eafb711deff
  RealmSwift: 3eb8924ff7100df5928c7602f71d0fec51e7c9c5
  SimpleAnimation: 5430010b9548f392e7459290acce01c9ceba7171
  SwiftAlgorithms: 38dda4731d19027fdeee1125f973111bf3386b53

PODFILE CHECKSUM: 178cc1f5d900b77860f8a9e024fb5222d07acb02

COCOAPODS: 1.12.1
