// !$*UTF8*$!
{
	archiveVersion = 1;
	classes = {
	};
	objectVersion = 77;
	objects = {

/* Begin PBXContainerItemProxy section */
		4C7908262D1DB82C0086D770 /* PBXContainerItemProxy */ = {
			isa = PBXContainerItemProxy;
			containerPortal = 4C79080D2D1DB82A0086D770 /* Project object */;
			proxyType = 1;
			remoteGlobalIDString = 4C7908142D1DB82B0086D770;
			remoteInfo = DailyDozen;
		};
		4C7908302D1DB82C0086D770 /* PBXContainerItemProxy */ = {
			isa = PBXContainerItemProxy;
			containerPortal = 4C79080D2D1DB82A0086D770 /* Project object */;
			proxyType = 1;
			remoteGlobalIDString = 4C7908142D1DB82B0086D770;
			remoteInfo = DailyDozen;
		};
/* End PBXContainerItemProxy section */

/* Begin PBXFileReference section */
		4C7908152D1DB82B0086D770 /* DailyDozen.app */ = {isa = PBXFileReference; explicitFileType = wrapper.application; includeInIndex = 0; path = DailyDozen.app; sourceTree = BUILT_PRODUCTS_DIR; };
		4C7908252D1DB82C0086D770 /* DailyDozenTests.xctest */ = {isa = PBXFileReference; explicitFileType = wrapper.cfbundle; includeInIndex = 0; path = DailyDozenTests.xctest; sourceTree = BUILT_PRODUCTS_DIR; };
		4C79082F2D1DB82C0086D770 /* DailyDozenUITests.xctest */ = {isa = PBXFileReference; explicitFileType = wrapper.cfbundle; includeInIndex = 0; path = DailyDozenUITests.xctest; sourceTree = BUILT_PRODUCTS_DIR; };
/* End PBXFileReference section */

/* Begin PBXFileSystemSynchronizedRootGroup section */
		4C7908172D1DB82B0086D770 /* DailyDozen */ = {
			isa = PBXFileSystemSynchronizedRootGroup;
			path = DailyDozen;
			sourceTree = "<group>";
		};
		4C7908282D1DB82C0086D770 /* DailyDozenTests */ = {
			isa = PBXFileSystemSynchronizedRootGroup;
			path = DailyDozenTests;
			sourceTree = "<group>";
		};
		4C7908322D1DB82C0086D770 /* DailyDozenUITests */ = {
			isa = PBXFileSystemSynchronizedRootGroup;
			path = DailyDozenUITests;
			sourceTree = "<group>";
		};
/* End PBXFileSystemSynchronizedRootGroup section */

/* Begin PBXFrameworksBuildPhase section */
		4C7908122D1DB82B0086D770 /* Frameworks */ = {
			isa = PBXFrameworksBuildPhase;
			buildActionMask = 2147483647;
			files = (
			);
			runOnlyForDeploymentPostprocessing = 0;
		};
		4C7908222D1DB82C0086D770 /* Frameworks */ = {
			isa = PBXFrameworksBuildPhase;
			buildActionMask = 2147483647;
			files = (
			);
			runOnlyForDeploymentPostprocessing = 0;
		};
		4C79082C2D1DB82C0086D770 /* Frameworks */ = {
			isa = PBXFrameworksBuildPhase;
			buildActionMask = 2147483647;
			files = (
			);
			runOnlyForDeploymentPostprocessing = 0;
		};
/* End PBXFrameworksBuildPhase section */

/* Begin PBXGroup section */
		4C79080C2D1DB82A0086D770 = {
			isa = PBXGroup;
			children = (
				4C7908172D1DB82B0086D770 /* DailyDozen */,
				4C7908282D1DB82C0086D770 /* DailyDozenTests */,
				4C7908322D1DB82C0086D770 /* DailyDozenUITests */,
				4C7908162D1DB82B0086D770 /* Products */,
			);
			sourceTree = "<group>";
		};
		4C7908162D1DB82B0086D770 /* Products */ = {
			isa = PBXGroup;
			children = (
				4C7908152D1DB82B0086D770 /* DailyDozen.app */,
				4C7908252D1DB82C0086D770 /* DailyDozenTests.xctest */,
				4C79082F2D1DB82C0086D770 /* DailyDozenUITests.xctest */,
			);
			name = Products;
			sourceTree = "<group>";
		};
/* End PBXGroup section */

/* Begin PBXNativeTarget section */
		4C7908142D1DB82B0086D770 /* DailyDozen */ = {
			isa = PBXNativeTarget;
			buildConfigurationList = 4C7908392D1DB82C0086D770 /* Build configuration list for PBXNativeTarget "DailyDozen" */;
			buildPhases = (
				4C7908112D1DB82B0086D770 /* Sources */,
				4C7908122D1DB82B0086D770 /* Frameworks */,
				4C7908132D1DB82B0086D770 /* Resources */,
				4CAB939C2D3C3C430031FBEC /* Script: Swift Lint */,
			);
			buildRules = (
			);
			dependencies = (
			);
			fileSystemSynchronizedGroups = (
				4C7908172D1DB82B0086D770 /* DailyDozen */,
			);
			name = DailyDozen;
			packageProductDependencies = (
			);
			productName = DailyDozen;
			productReference = 4C7908152D1DB82B0086D770 /* DailyDozen.app */;
			productType = "com.apple.product-type.application";
		};
		4C7908242D1DB82C0086D770 /* DailyDozenTests */ = {
			isa = PBXNativeTarget;
			buildConfigurationList = 4C79083C2D1DB82C0086D770 /* Build configuration list for PBXNativeTarget "DailyDozenTests" */;
			buildPhases = (
				4C7908212D1DB82C0086D770 /* Sources */,
				4C7908222D1DB82C0086D770 /* Frameworks */,
				4C7908232D1DB82C0086D770 /* Resources */,
			);
			buildRules = (
			);
			dependencies = (
				4C7908272D1DB82C0086D770 /* PBXTargetDependency */,
			);
			fileSystemSynchronizedGroups = (
				4C7908282D1DB82C0086D770 /* DailyDozenTests */,
			);
			name = DailyDozenTests;
			packageProductDependencies = (
			);
			productName = DailyDozenTests;
			productReference = 4C7908252D1DB82C0086D770 /* DailyDozenTests.xctest */;
			productType = "com.apple.product-type.bundle.unit-test";
		};
		4C79082E2D1DB82C0086D770 /* DailyDozenUITests */ = {
			isa = PBXNativeTarget;
			buildConfigurationList = 4C79083F2D1DB82C0086D770 /* Build configuration list for PBXNativeTarget "DailyDozenUITests" */;
			buildPhases = (
				4C79082B2D1DB82C0086D770 /* Sources */,
				4C79082C2D1DB82C0086D770 /* Frameworks */,
				4C79082D2D1DB82C0086D770 /* Resources */,
			);
			buildRules = (
			);
			dependencies = (
				4C7908312D1DB82C0086D770 /* PBXTargetDependency */,
			);
			fileSystemSynchronizedGroups = (
				4C7908322D1DB82C0086D770 /* DailyDozenUITests */,
			);
			name = DailyDozenUITests;
			packageProductDependencies = (
			);
			productName = DailyDozenUITests;
			productReference = 4C79082F2D1DB82C0086D770 /* DailyDozenUITests.xctest */;
			productType = "com.apple.product-type.bundle.ui-testing";
		};
/* End PBXNativeTarget section */

/* Begin PBXProject section */
		4C79080D2D1DB82A0086D770 /* Project object */ = {
			isa = PBXProject;
			attributes = {
				BuildIndependentTargetsInParallel = 1;
				LastSwiftUpdateCheck = 1620;
				LastUpgradeCheck = 1620;
				TargetAttributes = {
					4C7908142D1DB82B0086D770 = {
						CreatedOnToolsVersion = 16.2;
					};
					4C7908242D1DB82C0086D770 = {
						CreatedOnToolsVersion = 16.2;
						TestTargetID = 4C7908142D1DB82B0086D770;
					};
					4C79082E2D1DB82C0086D770 = {
						CreatedOnToolsVersion = 16.2;
						TestTargetID = 4C7908142D1DB82B0086D770;
					};
				};
			};
			buildConfigurationList = 4C7908102D1DB82A0086D770 /* Build configuration list for PBXProject "DailyDozen" */;
			developmentRegion = en;
			hasScannedForEncodings = 0;
			knownRegions = (
				en,
				Base,
				de,
				he,
				"zh-Hans",
				fa,
				uk,
				es,
				it,
				bg,
				sk,
				cs,
				"zh-Hant",
				pl,
				"pt-BR",
				ru,
				fr,
				"pt-PT",
				ro,
				ca,
			);
			mainGroup = 4C79080C2D1DB82A0086D770;
			minimizedProjectReferenceProxies = 1;
			preferredProjectObjectVersion = 77;
			productRefGroup = 4C7908162D1DB82B0086D770 /* Products */;
			projectDirPath = "";
			projectRoot = "";
			targets = (
				4C7908142D1DB82B0086D770 /* DailyDozen */,
				4C7908242D1DB82C0086D770 /* DailyDozenTests */,
				4C79082E2D1DB82C0086D770 /* DailyDozenUITests */,
			);
		};
/* End PBXProject section */

/* Begin PBXResourcesBuildPhase section */
		4C7908132D1DB82B0086D770 /* Resources */ = {
			isa = PBXResourcesBuildPhase;
			buildActionMask = 2147483647;
			files = (
			);
			runOnlyForDeploymentPostprocessing = 0;
		};
		4C7908232D1DB82C0086D770 /* Resources */ = {
			isa = PBXResourcesBuildPhase;
			buildActionMask = 2147483647;
			files = (
			);
			runOnlyForDeploymentPostprocessing = 0;
		};
		4C79082D2D1DB82C0086D770 /* Resources */ = {
			isa = PBXResourcesBuildPhase;
			buildActionMask = 2147483647;
			files = (
			);
			runOnlyForDeploymentPostprocessing = 0;
		};
/* End PBXResourcesBuildPhase section */

/* Begin PBXShellScriptBuildPhase section */
		4CAB939C2D3C3C430031FBEC /* Script: Swift Lint */ = {
			isa = PBXShellScriptBuildPhase;
			alwaysOutOfDate = 1;
			buildActionMask = 2147483647;
			files = (
			);
			inputFileListPaths = (
			);
			inputPaths = (
			);
			name = "Script: Swift Lint";
			outputFileListPaths = (
			);
			outputPaths = (
			);
			runOnlyForDeploymentPostprocessing = 0;
			shellPath = /bin/sh;
			shellScript = "echo \":BEGIN: Build Phases SwiftLint\"\nif which swiftlint >/dev/null; then\nswiftlint\nelse\necho \"warning: SwiftLint not installed, download from https://github.com/realm/SwiftLint\"\nfi\n";
		};
/* End PBXShellScriptBuildPhase section */

/* Begin PBXSourcesBuildPhase section */
		4C7908112D1DB82B0086D770 /* Sources */ = {
			isa = PBXSourcesBuildPhase;
			buildActionMask = 2147483647;
			files = (
			);
			runOnlyForDeploymentPostprocessing = 0;
		};
		4C7908212D1DB82C0086D770 /* Sources */ = {
			isa = PBXSourcesBuildPhase;
			buildActionMask = 2147483647;
			files = (
			);
			runOnlyForDeploymentPostprocessing = 0;
		};
		4C79082B2D1DB82C0086D770 /* Sources */ = {
			isa = PBXSourcesBuildPhase;
			buildActionMask = 2147483647;
			files = (
			);
			runOnlyForDeploymentPostprocessing = 0;
		};
/* End PBXSourcesBuildPhase section */

/* Begin PBXTargetDependency section */
		4C7908272D1DB82C0086D770 /* PBXTargetDependency */ = {
			isa = PBXTargetDependency;
			target = 4C7908142D1DB82B0086D770 /* DailyDozen */;
			targetProxy = 4C7908262D1DB82C0086D770 /* PBXContainerItemProxy */;
		};
		4C7908312D1DB82C0086D770 /* PBXTargetDependency */ = {
			isa = PBXTargetDependency;
			target = 4C7908142D1DB82B0086D770 /* DailyDozen */;
			targetProxy = 4C7908302D1DB82C0086D770 /* PBXContainerItemProxy */;
		};
/* End PBXTargetDependency section */

/* Begin XCBuildConfiguration section */
		4C7908372D1DB82C0086D770 /* Debug */ = {
			isa = XCBuildConfiguration;
			buildSettings = {
				ALWAYS_SEARCH_USER_PATHS = NO;
				ASSETCATALOG_COMPILER_GENERATE_SWIFT_ASSET_SYMBOL_EXTENSIONS = YES;
				CLANG_ANALYZER_NONNULL = YES;
				CLANG_ANALYZER_NUMBER_OBJECT_CONVERSION = YES_AGGRESSIVE;
				CLANG_CXX_LANGUAGE_STANDARD = "gnu++20";
				CLANG_ENABLE_MODULES = YES;
				CLANG_ENABLE_OBJC_ARC = YES;
				CLANG_ENABLE_OBJC_WEAK = YES;
				CLANG_WARN_BLOCK_CAPTURE_AUTORELEASING = YES;
				CLANG_WARN_BOOL_CONVERSION = YES;
				CLANG_WARN_COMMA = YES;
				CLANG_WARN_CONSTANT_CONVERSION = YES;
				CLANG_WARN_DEPRECATED_OBJC_IMPLEMENTATIONS = YES;
				CLANG_WARN_DIRECT_OBJC_ISA_USAGE = YES_ERROR;
				CLANG_WARN_DOCUMENTATION_COMMENTS = YES;
				CLANG_WARN_EMPTY_BODY = YES;
				CLANG_WARN_ENUM_CONVERSION = YES;
				CLANG_WARN_INFINITE_RECURSION = YES;
				CLANG_WARN_INT_CONVERSION = YES;
				CLANG_WARN_NON_LITERAL_NULL_CONVERSION = YES;
				CLANG_WARN_OBJC_IMPLICIT_RETAIN_SELF = YES;
				CLANG_WARN_OBJC_LITERAL_CONVERSION = YES;
				CLANG_WARN_OBJC_ROOT_CLASS = YES_ERROR;
				CLANG_WARN_QUOTED_INCLUDE_IN_FRAMEWORK_HEADER = YES;
				CLANG_WARN_RANGE_LOOP_ANALYSIS = YES;
				CLANG_WARN_STRICT_PROTOTYPES = YES;
				CLANG_WARN_SUSPICIOUS_MOVE = YES;
				CLANG_WARN_UNGUARDED_AVAILABILITY = YES_AGGRESSIVE;
				CLANG_WARN_UNREACHABLE_CODE = YES;
				CLANG_WARN__DUPLICATE_METHOD_MATCH = YES;
				COPY_PHASE_STRIP = NO;
				DEBUG_INFORMATION_FORMAT = dwarf;
				ENABLE_STRICT_OBJC_MSGSEND = YES;
				ENABLE_TESTABILITY = YES;
				ENABLE_USER_SCRIPT_SANDBOXING = NO;
				GCC_C_LANGUAGE_STANDARD = gnu17;
				GCC_DYNAMIC_NO_PIC = NO;
				GCC_NO_COMMON_BLOCKS = YES;
				GCC_OPTIMIZATION_LEVEL = 0;
				GCC_PREPROCESSOR_DEFINITIONS = (
					"DEBUG=1",
					"$(inherited)",
				);
				GCC_WARN_64_TO_32_BIT_CONVERSION = YES;
				GCC_WARN_ABOUT_RETURN_TYPE = YES_ERROR;
				GCC_WARN_UNDECLARED_SELECTOR = YES;
				GCC_WARN_UNINITIALIZED_AUTOS = YES_AGGRESSIVE;
				GCC_WARN_UNUSED_FUNCTION = YES;
				GCC_WARN_UNUSED_VARIABLE = YES;
				IPHONEOS_DEPLOYMENT_TARGET = 16.4;
				LOCALIZATION_PREFERS_STRING_CATALOGS = YES;
				MTL_ENABLE_DEBUG_INFO = INCLUDE_SOURCE;
				MTL_FAST_MATH = YES;
				ONLY_ACTIVE_ARCH = YES;
				SDKROOT = iphoneos;
				SWIFT_ACTIVE_COMPILATION_CONDITIONS = "DEBUG $(inherited)";
				SWIFT_OPTIMIZATION_LEVEL = "-Onone";
			};
			name = Debug;
		};
		4C7908382D1DB82C0086D770 /* Release */ = {
			isa = XCBuildConfiguration;
			buildSettings = {
				ALWAYS_SEARCH_USER_PATHS = NO;
				ASSETCATALOG_COMPILER_GENERATE_SWIFT_ASSET_SYMBOL_EXTENSIONS = YES;
				CLANG_ANALYZER_NONNULL = YES;
				CLANG_ANALYZER_NUMBER_OBJECT_CONVERSION = YES_AGGRESSIVE;
				CLANG_CXX_LANGUAGE_STANDARD = "gnu++20";
				CLANG_ENABLE_MODULES = YES;
				CLANG_ENABLE_OBJC_ARC = YES;
				CLANG_ENABLE_OBJC_WEAK = YES;
				CLANG_WARN_BLOCK_CAPTURE_AUTORELEASING = YES;
				CLANG_WARN_BOOL_CONVERSION = YES;
				CLANG_WARN_COMMA = YES;
				CLANG_WARN_CONSTANT_CONVERSION = YES;
				CLANG_WARN_DEPRECATED_OBJC_IMPLEMENTATIONS = YES;
				CLANG_WARN_DIRECT_OBJC_ISA_USAGE = YES_ERROR;
				CLANG_WARN_DOCUMENTATION_COMMENTS = YES;
				CLANG_WARN_EMPTY_BODY = YES;
				CLANG_WARN_ENUM_CONVERSION = YES;
				CLANG_WARN_INFINITE_RECURSION = YES;
				CLANG_WARN_INT_CONVERSION = YES;
				CLANG_WARN_NON_LITERAL_NULL_CONVERSION = YES;
				CLANG_WARN_OBJC_IMPLICIT_RETAIN_SELF = YES;
				CLANG_WARN_OBJC_LITERAL_CONVERSION = YES;
				CLANG_WARN_OBJC_ROOT_CLASS = YES_ERROR;
				CLANG_WARN_QUOTED_INCLUDE_IN_FRAMEWORK_HEADER = YES;
				CLANG_WARN_RANGE_LOOP_ANALYSIS = YES;
				CLANG_WARN_STRICT_PROTOTYPES = YES;
				CLANG_WARN_SUSPICIOUS_MOVE = YES;
				CLANG_WARN_UNGUARDED_AVAILABILITY = YES_AGGRESSIVE;
				CLANG_WARN_UNREACHABLE_CODE = YES;
				CLANG_WARN__DUPLICATE_METHOD_MATCH = YES;
				COPY_PHASE_STRIP = NO;
				DEBUG_INFORMATION_FORMAT = "dwarf-with-dsym";
				ENABLE_NS_ASSERTIONS = NO;
				ENABLE_STRICT_OBJC_MSGSEND = YES;
				ENABLE_USER_SCRIPT_SANDBOXING = NO;
				GCC_C_LANGUAGE_STANDARD = gnu17;
				GCC_NO_COMMON_BLOCKS = YES;
				GCC_WARN_64_TO_32_BIT_CONVERSION = YES;
				GCC_WARN_ABOUT_RETURN_TYPE = YES_ERROR;
				GCC_WARN_UNDECLARED_SELECTOR = YES;
				GCC_WARN_UNINITIALIZED_AUTOS = YES_AGGRESSIVE;
				GCC_WARN_UNUSED_FUNCTION = YES;
				GCC_WARN_UNUSED_VARIABLE = YES;
				IPHONEOS_DEPLOYMENT_TARGET = 16.4;
				LOCALIZATION_PREFERS_STRING_CATALOGS = YES;
				MTL_ENABLE_DEBUG_INFO = NO;
				MTL_FAST_MATH = YES;
				SDKROOT = iphoneos;
				SWIFT_COMPILATION_MODE = wholemodule;
				VALIDATE_PRODUCT = YES;
			};
			name = Release;
		};
		4C79083A2D1DB82C0086D770 /* Debug */ = {
			isa = XCBuildConfiguration;
			buildSettings = {
				ASSETCATALOG_COMPILER_APPICON_NAME = AppIcon;
				ASSETCATALOG_COMPILER_GLOBAL_ACCENT_COLOR_NAME = AccentColor;
				CODE_SIGN_STYLE = Automatic;
				CURRENT_PROJECT_VERSION = 1;
				DEVELOPMENT_ASSET_PATHS = "\"DailyDozen/Preview Content\"";
				DEVELOPMENT_TEAM = 2MG57YUZL5;
				ENABLE_PREVIEWS = YES;
				GENERATE_INFOPLIST_FILE = YES;
				INFOPLIST_KEY_UIApplicationSceneManifest_Generation = YES;
				INFOPLIST_KEY_UIApplicationSupportsIndirectInputEvents = YES;
				INFOPLIST_KEY_UILaunchScreen_Generation = YES;
				INFOPLIST_KEY_UISupportedInterfaceOrientations_iPad = "UIInterfaceOrientationPortrait UIInterfaceOrientationPortraitUpsideDown UIInterfaceOrientationLandscapeLeft UIInterfaceOrientationLandscapeRight";
				INFOPLIST_KEY_UISupportedInterfaceOrientations_iPhone = "UIInterfaceOrientationPortrait UIInterfaceOrientationLandscapeLeft UIInterfaceOrientationLandscapeRight";
				IPHONEOS_DEPLOYMENT_TARGET = 16.4;
				LD_RUNPATH_SEARCH_PATHS = (
					"$(inherited)",
					"@executable_path/Frameworks",
				);
				MARKETING_VERSION = 1.0;
				PRODUCT_BUNDLE_IDENTIFIER = com.nutritionfacts.dailydozen.next.DailyDozen;
				PRODUCT_NAME = "$(TARGET_NAME)";
				SUPPORTED_PLATFORMS = "iphoneos iphonesimulator";
				SUPPORTS_MACCATALYST = NO;
				SUPPORTS_XR_DESIGNED_FOR_IPHONE_IPAD = NO;
				SWIFT_EMIT_LOC_STRINGS = YES;
				SWIFT_VERSION = 5.0;
				TARGETED_DEVICE_FAMILY = "1,2";
			};
			name = Debug;
		};
		4C79083B2D1DB82C0086D770 /* Release */ = {
			isa = XCBuildConfiguration;
			buildSettings = {
				ASSETCATALOG_COMPILER_APPICON_NAME = AppIcon;
				ASSETCATALOG_COMPILER_GLOBAL_ACCENT_COLOR_NAME = AccentColor;
				CODE_SIGN_STYLE = Automatic;
				CURRENT_PROJECT_VERSION = 1;
				DEVELOPMENT_ASSET_PATHS = "\"DailyDozen/Preview Content\"";
				DEVELOPMENT_TEAM = 2MG57YUZL5;
				ENABLE_PREVIEWS = YES;
				GENERATE_INFOPLIST_FILE = YES;
				INFOPLIST_KEY_UIApplicationSceneManifest_Generation = YES;
				INFOPLIST_KEY_UIApplicationSupportsIndirectInputEvents = YES;
				INFOPLIST_KEY_UILaunchScreen_Generation = YES;
				INFOPLIST_KEY_UISupportedInterfaceOrientations_iPad = "UIInterfaceOrientationPortrait UIInterfaceOrientationPortraitUpsideDown UIInterfaceOrientationLandscapeLeft UIInterfaceOrientationLandscapeRight";
				INFOPLIST_KEY_UISupportedInterfaceOrientations_iPhone = "UIInterfaceOrientationPortrait UIInterfaceOrientationLandscapeLeft UIInterfaceOrientationLandscapeRight";
				IPHONEOS_DEPLOYMENT_TARGET = 16.4;
				LD_RUNPATH_SEARCH_PATHS = (
					"$(inherited)",
					"@executable_path/Frameworks",
				);
				MARKETING_VERSION = 1.0;
				PRODUCT_BUNDLE_IDENTIFIER = com.nutritionfacts.dailydozen.next.DailyDozen;
				PRODUCT_NAME = "$(TARGET_NAME)";
				SUPPORTED_PLATFORMS = "iphoneos iphonesimulator";
				SUPPORTS_MACCATALYST = NO;
				SUPPORTS_XR_DESIGNED_FOR_IPHONE_IPAD = NO;
				SWIFT_EMIT_LOC_STRINGS = YES;
				SWIFT_VERSION = 5.0;
				TARGETED_DEVICE_FAMILY = "1,2";
			};
			name = Release;
		};
		4C79083D2D1DB82C0086D770 /* Debug */ = {
			isa = XCBuildConfiguration;
			buildSettings = {
				BUNDLE_LOADER = "$(TEST_HOST)";
				CODE_SIGN_STYLE = Automatic;
				CURRENT_PROJECT_VERSION = 1;
				DEVELOPMENT_TEAM = FCYU6566RZ;
				GENERATE_INFOPLIST_FILE = YES;
				IPHONEOS_DEPLOYMENT_TARGET = 16.4;
				MARKETING_VERSION = 1.0;
				PRODUCT_BUNDLE_IDENTIFIER = com.nutritionfacts.dailydozen.next.DailyDozenTests;
				PRODUCT_NAME = "$(TARGET_NAME)";
				SWIFT_EMIT_LOC_STRINGS = NO;
				SWIFT_VERSION = 5.0;
				TARGETED_DEVICE_FAMILY = "1,2";
				TEST_HOST = "$(BUILT_PRODUCTS_DIR)/DailyDozen.app/$(BUNDLE_EXECUTABLE_FOLDER_PATH)/DailyDozen";
			};
			name = Debug;
		};
		4C79083E2D1DB82C0086D770 /* Release */ = {
			isa = XCBuildConfiguration;
			buildSettings = {
				BUNDLE_LOADER = "$(TEST_HOST)";
				CODE_SIGN_STYLE = Automatic;
				CURRENT_PROJECT_VERSION = 1;
				DEVELOPMENT_TEAM = FCYU6566RZ;
				GENERATE_INFOPLIST_FILE = YES;
				IPHONEOS_DEPLOYMENT_TARGET = 16.4;
				MARKETING_VERSION = 1.0;
				PRODUCT_BUNDLE_IDENTIFIER = com.nutritionfacts.dailydozen.next.DailyDozenTests;
				PRODUCT_NAME = "$(TARGET_NAME)";
				SWIFT_EMIT_LOC_STRINGS = NO;
				SWIFT_VERSION = 5.0;
				TARGETED_DEVICE_FAMILY = "1,2";
				TEST_HOST = "$(BUILT_PRODUCTS_DIR)/DailyDozen.app/$(BUNDLE_EXECUTABLE_FOLDER_PATH)/DailyDozen";
			};
			name = Release;
		};
		4C7908402D1DB82C0086D770 /* Debug */ = {
			isa = XCBuildConfiguration;
			buildSettings = {
				CODE_SIGN_STYLE = Automatic;
				CURRENT_PROJECT_VERSION = 1;
				DEVELOPMENT_TEAM = FCYU6566RZ;
				GENERATE_INFOPLIST_FILE = YES;
				MARKETING_VERSION = 1.0;
				PRODUCT_BUNDLE_IDENTIFIER = com.nutritionfacts.dailydozen.next.DailyDozenUITests;
				PRODUCT_NAME = "$(TARGET_NAME)";
				SWIFT_EMIT_LOC_STRINGS = NO;
				SWIFT_VERSION = 5.0;
				TARGETED_DEVICE_FAMILY = "1,2";
				TEST_TARGET_NAME = DailyDozen;
			};
			name = Debug;
		};
		4C7908412D1DB82C0086D770 /* Release */ = {
			isa = XCBuildConfiguration;
			buildSettings = {
				CODE_SIGN_STYLE = Automatic;
				CURRENT_PROJECT_VERSION = 1;
				DEVELOPMENT_TEAM = FCYU6566RZ;
				GENERATE_INFOPLIST_FILE = YES;
				MARKETING_VERSION = 1.0;
				PRODUCT_BUNDLE_IDENTIFIER = com.nutritionfacts.dailydozen.next.DailyDozenUITests;
				PRODUCT_NAME = "$(TARGET_NAME)";
				SWIFT_EMIT_LOC_STRINGS = NO;
				SWIFT_VERSION = 5.0;
				TARGETED_DEVICE_FAMILY = "1,2";
				TEST_TARGET_NAME = DailyDozen;
			};
			name = Release;
		};
/* End XCBuildConfiguration section */

/* Begin XCConfigurationList section */
		4C7908102D1DB82A0086D770 /* Build configuration list for PBXProject "DailyDozen" */ = {
			isa = XCConfigurationList;
			buildConfigurations = (
				4C7908372D1DB82C0086D770 /* Debug */,
				4C7908382D1DB82C0086D770 /* Release */,
			);
			defaultConfigurationIsVisible = 0;
			defaultConfigurationName = Release;
		};
		4C7908392D1DB82C0086D770 /* Build configuration list for PBXNativeTarget "DailyDozen" */ = {
			isa = XCConfigurationList;
			buildConfigurations = (
				4C79083A2D1DB82C0086D770 /* Debug */,
				4C79083B2D1DB82C0086D770 /* Release */,
			);
			defaultConfigurationIsVisible = 0;
			defaultConfigurationName = Release;
		};
		4C79083C2D1DB82C0086D770 /* Build configuration list for PBXNativeTarget "DailyDozenTests" */ = {
			isa = XCConfigurationList;
			buildConfigurations = (
				4C79083D2D1DB82C0086D770 /* Debug */,
				4C79083E2D1DB82C0086D770 /* Release */,
			);
			defaultConfigurationIsVisible = 0;
			defaultConfigurationName = Release;
		};
		4C79083F2D1DB82C0086D770 /* Build configuration list for PBXNativeTarget "DailyDozenUITests" */ = {
			isa = XCConfigurationList;
			buildConfigurations = (
				4C7908402D1DB82C0086D770 /* Debug */,
				4C7908412D1DB82C0086D770 /* Release */,
			);
			defaultConfigurationIsVisible = 0;
			defaultConfigurationName = Release;
		};
/* End XCConfigurationList section */
	};
	rootObject = 4C79080D2D1DB82A0086D770 /* Project object */;
}
